// !$*UTF8*$!
{
	archiveVersion = 1;
	classes = {
	};
	objectVersion = 50;
	objects = {

/* Begin PBXBuildFile section */
		BA424CDD2338BBF800B3BA3A /* PortType.swift in Sources */ = {isa = PBXBuildFile; fileRef = BA424CDC2338BBF800B3BA3A /* PortType.swift */; };
		BA424CDE2338BBF800B3BA3A /* PortType.swift in Sources */ = {isa = PBXBuildFile; fileRef = BA424CDC2338BBF800B3BA3A /* PortType.swift */; };
		BA424CDF2338BBF800B3BA3A /* PortType.swift in Sources */ = {isa = PBXBuildFile; fileRef = BA424CDC2338BBF800B3BA3A /* PortType.swift */; };
		BA47B7D22280941C00C6AFBB /* PlaygroundSupport.framework in Frameworks */ = {isa = PBXBuildFile; fileRef = BA47B7D12280941C00C6AFBB /* PlaygroundSupport.framework */; };
		BA47B7D42280942600C6AFBB /* PlaygroundSupport.framework in Frameworks */ = {isa = PBXBuildFile; fileRef = BA47B7D32280942600C6AFBB /* PlaygroundSupport.framework */; };
		BA47B7D62280943100C6AFBB /* PlaygroundSupport.framework in Frameworks */ = {isa = PBXBuildFile; fileRef = BA47B7D52280943100C6AFBB /* PlaygroundSupport.framework */; };
		BAFFF16B228017FD008C95DC /* ev3swift.h in Headers */ = {isa = PBXBuildFile; fileRef = BAFFF169228017FD008C95DC /* ev3swift.h */; settings = {ATTRIBUTES = (Public, ); }; };
		BAFFF17822801B9B008C95DC /* ev3swift.h in Headers */ = {isa = PBXBuildFile; fileRef = BAFFF169228017FD008C95DC /* ev3swift.h */; settings = {ATTRIBUTES = (Public, ); }; };
		BAFFF17922801B9B008C95DC /* ev3swift.h in Headers */ = {isa = PBXBuildFile; fileRef = BAFFF169228017FD008C95DC /* ev3swift.h */; settings = {ATTRIBUTES = (Public, ); }; };
		BAFFF17B22802F37008C95DC /* HelloWorld.swift in Sources */ = {isa = PBXBuildFile; fileRef = BAFFF17A22802F37008C95DC /* HelloWorld.swift */; };
		BAFFF17C22802F37008C95DC /* HelloWorld.swift in Sources */ = {isa = PBXBuildFile; fileRef = BAFFF17A22802F37008C95DC /* HelloWorld.swift */; };
		BAFFF17D22802F37008C95DC /* HelloWorld.swift in Sources */ = {isa = PBXBuildFile; fileRef = BAFFF17A22802F37008C95DC /* HelloWorld.swift */; };
		BAFFF1FD228045C2008C95DC /* BlockCondition+PlaygroundValue.swift in Sources */ = {isa = PBXBuildFile; fileRef = BAFFF186228045C2008C95DC /* BlockCondition+PlaygroundValue.swift */; };
		BAFFF1FE228045C2008C95DC /* BlockCondition+PlaygroundValue.swift in Sources */ = {isa = PBXBuildFile; fileRef = BAFFF186228045C2008C95DC /* BlockCondition+PlaygroundValue.swift */; };
		BAFFF1FF228045C2008C95DC /* BlockCondition+PlaygroundValue.swift in Sources */ = {isa = PBXBuildFile; fileRef = BAFFF186228045C2008C95DC /* BlockCondition+PlaygroundValue.swift */; };
		BAFFF200228045C2008C95DC /* DisplayFont.swift in Sources */ = {isa = PBXBuildFile; fileRef = BAFFF187228045C2008C95DC /* DisplayFont.swift */; };
		BAFFF201228045C2008C95DC /* DisplayFont.swift in Sources */ = {isa = PBXBuildFile; fileRef = BAFFF187228045C2008C95DC /* DisplayFont.swift */; };
		BAFFF202228045C2008C95DC /* DisplayFont.swift in Sources */ = {isa = PBXBuildFile; fileRef = BAFFF187228045C2008C95DC /* DisplayFont.swift */; };
		BAFFF203228045C2008C95DC /* InputDeviceCommand+PlaygroundValue.swift in Sources */ = {isa = PBXBuildFile; fileRef = BAFFF188228045C2008C95DC /* InputDeviceCommand+PlaygroundValue.swift */; };
		BAFFF204228045C2008C95DC /* InputDeviceCommand+PlaygroundValue.swift in Sources */ = {isa = PBXBuildFile; fileRef = BAFFF188228045C2008C95DC /* InputDeviceCommand+PlaygroundValue.swift */; };
		BAFFF205228045C2008C95DC /* InputDeviceCommand+PlaygroundValue.swift in Sources */ = {isa = PBXBuildFile; fileRef = BAFFF188228045C2008C95DC /* InputDeviceCommand+PlaygroundValue.swift */; };
		BAFFF20C228045C2008C95DC /* Random.swift in Sources */ = {isa = PBXBuildFile; fileRef = BAFFF18B228045C2008C95DC /* Random.swift */; };
		BAFFF20D228045C2008C95DC /* Random.swift in Sources */ = {isa = PBXBuildFile; fileRef = BAFFF18B228045C2008C95DC /* Random.swift */; };
		BAFFF20E228045C2008C95DC /* Random.swift in Sources */ = {isa = PBXBuildFile; fileRef = BAFFF18B228045C2008C95DC /* Random.swift */; };
		BAFFF20F228045C2008C95DC /* ParameterCommand.swift in Sources */ = {isa = PBXBuildFile; fileRef = BAFFF18C228045C2008C95DC /* ParameterCommand.swift */; };
		BAFFF210228045C2008C95DC /* ParameterCommand.swift in Sources */ = {isa = PBXBuildFile; fileRef = BAFFF18C228045C2008C95DC /* ParameterCommand.swift */; };
		BAFFF211228045C2008C95DC /* ParameterCommand.swift in Sources */ = {isa = PBXBuildFile; fileRef = BAFFF18C228045C2008C95DC /* ParameterCommand.swift */; };
		BAFFF218228045C2008C95DC /* ReplyOperation+PlaygroundValue.swift in Sources */ = {isa = PBXBuildFile; fileRef = BAFFF18F228045C2008C95DC /* ReplyOperation+PlaygroundValue.swift */; };
		BAFFF219228045C2008C95DC /* ReplyOperation+PlaygroundValue.swift in Sources */ = {isa = PBXBuildFile; fileRef = BAFFF18F228045C2008C95DC /* ReplyOperation+PlaygroundValue.swift */; };
		BAFFF21A228045C2008C95DC /* ReplyOperation+PlaygroundValue.swift in Sources */ = {isa = PBXBuildFile; fileRef = BAFFF18F228045C2008C95DC /* ReplyOperation+PlaygroundValue.swift */; };
		BAFFF21E228045C2008C95DC /* LiveViewMessageKey.swift in Sources */ = {isa = PBXBuildFile; fileRef = BAFFF191228045C2008C95DC /* LiveViewMessageKey.swift */; };
		BAFFF21F228045C2008C95DC /* LiveViewMessageKey.swift in Sources */ = {isa = PBXBuildFile; fileRef = BAFFF191228045C2008C95DC /* LiveViewMessageKey.swift */; };
		BAFFF220228045C2008C95DC /* LiveViewMessageKey.swift in Sources */ = {isa = PBXBuildFile; fileRef = BAFFF191228045C2008C95DC /* LiveViewMessageKey.swift */; };
		BAFFF221228045C2008C95DC /* LiveViewController+MessageHandler.swift in Sources */ = {isa = PBXBuildFile; fileRef = BAFFF192228045C2008C95DC /* LiveViewController+MessageHandler.swift */; };
		BAFFF222228045C2008C95DC /* LiveViewController+MessageHandler.swift in Sources */ = {isa = PBXBuildFile; fileRef = BAFFF192228045C2008C95DC /* LiveViewController+MessageHandler.swift */; };
		BAFFF223228045C2008C95DC /* LiveViewController+MessageHandler.swift in Sources */ = {isa = PBXBuildFile; fileRef = BAFFF192228045C2008C95DC /* LiveViewController+MessageHandler.swift */; };
		BAFFF224228045C2008C95DC /* MockLiveViewProxy.swift in Sources */ = {isa = PBXBuildFile; fileRef = BAFFF193228045C2008C95DC /* MockLiveViewProxy.swift */; };
		BAFFF225228045C2008C95DC /* MockLiveViewProxy.swift in Sources */ = {isa = PBXBuildFile; fileRef = BAFFF193228045C2008C95DC /* MockLiveViewProxy.swift */; };
		BAFFF226228045C2008C95DC /* MockLiveViewProxy.swift in Sources */ = {isa = PBXBuildFile; fileRef = BAFFF193228045C2008C95DC /* MockLiveViewProxy.swift */; };
		BAFFF227228045C2008C95DC /* Logging.swift in Sources */ = {isa = PBXBuildFile; fileRef = BAFFF194228045C2008C95DC /* Logging.swift */; };
		BAFFF228228045C2008C95DC /* Logging.swift in Sources */ = {isa = PBXBuildFile; fileRef = BAFFF194228045C2008C95DC /* Logging.swift */; };
		BAFFF229228045C2008C95DC /* Logging.swift in Sources */ = {isa = PBXBuildFile; fileRef = BAFFF194228045C2008C95DC /* Logging.swift */; };
		BAFFF22A228045C2008C95DC /* RobotWaitForMethods.swift in Sources */ = {isa = PBXBuildFile; fileRef = BAFFF195228045C2008C95DC /* RobotWaitForMethods.swift */; };
		BAFFF22B228045C2008C95DC /* RobotWaitForMethods.swift in Sources */ = {isa = PBXBuildFile; fileRef = BAFFF195228045C2008C95DC /* RobotWaitForMethods.swift */; };
		BAFFF22C228045C2008C95DC /* RobotWaitForMethods.swift in Sources */ = {isa = PBXBuildFile; fileRef = BAFFF195228045C2008C95DC /* RobotWaitForMethods.swift */; };
		BAFFF22D228045C2008C95DC /* ReplyOperation.swift in Sources */ = {isa = PBXBuildFile; fileRef = BAFFF196228045C2008C95DC /* ReplyOperation.swift */; };
		BAFFF22E228045C2008C95DC /* ReplyOperation.swift in Sources */ = {isa = PBXBuildFile; fileRef = BAFFF196228045C2008C95DC /* ReplyOperation.swift */; };
		BAFFF22F228045C2008C95DC /* ReplyOperation.swift in Sources */ = {isa = PBXBuildFile; fileRef = BAFFF196228045C2008C95DC /* ReplyOperation.swift */; };
		BAFFF236228045C2008C95DC /* Port.swift in Sources */ = {isa = PBXBuildFile; fileRef = BAFFF199228045C2008C95DC /* Port.swift */; };
		BAFFF237228045C2008C95DC /* Port.swift in Sources */ = {isa = PBXBuildFile; fileRef = BAFFF199228045C2008C95DC /* Port.swift */; };
		BAFFF238228045C2008C95DC /* Port.swift in Sources */ = {isa = PBXBuildFile; fileRef = BAFFF199228045C2008C95DC /* Port.swift */; };
		BAFFF239228045C2008C95DC /* SoundFile.swift in Sources */ = {isa = PBXBuildFile; fileRef = BAFFF19A228045C2008C95DC /* SoundFile.swift */; };
		BAFFF23A228045C2008C95DC /* SoundFile.swift in Sources */ = {isa = PBXBuildFile; fileRef = BAFFF19A228045C2008C95DC /* SoundFile.swift */; };
		BAFFF23B228045C2008C95DC /* SoundFile.swift in Sources */ = {isa = PBXBuildFile; fileRef = BAFFF19A228045C2008C95DC /* SoundFile.swift */; };
		BAFFF23C228045C2008C95DC /* BlockCondition.swift in Sources */ = {isa = PBXBuildFile; fileRef = BAFFF19B228045C2008C95DC /* BlockCondition.swift */; };
		BAFFF23D228045C2008C95DC /* BlockCondition.swift in Sources */ = {isa = PBXBuildFile; fileRef = BAFFF19B228045C2008C95DC /* BlockCondition.swift */; };
		BAFFF23E228045C2008C95DC /* BlockCondition.swift in Sources */ = {isa = PBXBuildFile; fileRef = BAFFF19B228045C2008C95DC /* BlockCondition.swift */; };
		BAFFF23F228045C2008C95DC /* DrawCommand.swift in Sources */ = {isa = PBXBuildFile; fileRef = BAFFF19C228045C2008C95DC /* DrawCommand.swift */; };
		BAFFF240228045C2008C95DC /* DrawCommand.swift in Sources */ = {isa = PBXBuildFile; fileRef = BAFFF19C228045C2008C95DC /* DrawCommand.swift */; };
		BAFFF241228045C2008C95DC /* DrawCommand.swift in Sources */ = {isa = PBXBuildFile; fileRef = BAFFF19C228045C2008C95DC /* DrawCommand.swift */; };
		BAFFF248228045C2008C95DC /* ConnectionDataLogger.swift in Sources */ = {isa = PBXBuildFile; fileRef = BAFFF19F228045C2008C95DC /* ConnectionDataLogger.swift */; };
		BAFFF249228045C2008C95DC /* ConnectionDataLogger.swift in Sources */ = {isa = PBXBuildFile; fileRef = BAFFF19F228045C2008C95DC /* ConnectionDataLogger.swift */; };
		BAFFF24A228045C2008C95DC /* ConnectionDataLogger.swift in Sources */ = {isa = PBXBuildFile; fileRef = BAFFF19F228045C2008C95DC /* ConnectionDataLogger.swift */; };
		BAFFF24B228045C2008C95DC /* Icon.swift in Sources */ = {isa = PBXBuildFile; fileRef = BAFFF1A0228045C2008C95DC /* Icon.swift */; };
		BAFFF24C228045C2008C95DC /* Icon.swift in Sources */ = {isa = PBXBuildFile; fileRef = BAFFF1A0228045C2008C95DC /* Icon.swift */; };
		BAFFF24D228045C2008C95DC /* Icon.swift in Sources */ = {isa = PBXBuildFile; fileRef = BAFFF1A0228045C2008C95DC /* Icon.swift */; };
		BAFFF24E228045C2008C95DC /* WriteCommand.swift in Sources */ = {isa = PBXBuildFile; fileRef = BAFFF1A1228045C2008C95DC /* WriteCommand.swift */; };
		BAFFF24F228045C2008C95DC /* WriteCommand.swift in Sources */ = {isa = PBXBuildFile; fileRef = BAFFF1A1228045C2008C95DC /* WriteCommand.swift */; };
		BAFFF250228045C2008C95DC /* WriteCommand.swift in Sources */ = {isa = PBXBuildFile; fileRef = BAFFF1A1228045C2008C95DC /* WriteCommand.swift */; };
		BAFFF254228045C2008C95DC /* PortMode.swift in Sources */ = {isa = PBXBuildFile; fileRef = BAFFF1A3228045C2008C95DC /* PortMode.swift */; };
		BAFFF255228045C2008C95DC /* PortMode.swift in Sources */ = {isa = PBXBuildFile; fileRef = BAFFF1A3228045C2008C95DC /* PortMode.swift */; };
		BAFFF256228045C2008C95DC /* PortMode.swift in Sources */ = {isa = PBXBuildFile; fileRef = BAFFF1A3228045C2008C95DC /* PortMode.swift */; };
		BAFFF257228045C2008C95DC /* OutputPort.swift in Sources */ = {isa = PBXBuildFile; fileRef = BAFFF1A4228045C2008C95DC /* OutputPort.swift */; };
		BAFFF258228045C2008C95DC /* OutputPort.swift in Sources */ = {isa = PBXBuildFile; fileRef = BAFFF1A4228045C2008C95DC /* OutputPort.swift */; };
		BAFFF259228045C2008C95DC /* OutputPort.swift in Sources */ = {isa = PBXBuildFile; fileRef = BAFFF1A4228045C2008C95DC /* OutputPort.swift */; };
		BAFFF25A228045C2008C95DC /* ReplyOperation+Parameters.swift in Sources */ = {isa = PBXBuildFile; fileRef = BAFFF1A5228045C2008C95DC /* ReplyOperation+Parameters.swift */; };
		BAFFF25B228045C2008C95DC /* ReplyOperation+Parameters.swift in Sources */ = {isa = PBXBuildFile; fileRef = BAFFF1A5228045C2008C95DC /* ReplyOperation+Parameters.swift */; };
		BAFFF25C228045C2008C95DC /* ReplyOperation+Parameters.swift in Sources */ = {isa = PBXBuildFile; fileRef = BAFFF1A5228045C2008C95DC /* ReplyOperation+Parameters.swift */; };
		BAFFF260228045C2008C95DC /* ImageName.swift in Sources */ = {isa = PBXBuildFile; fileRef = BAFFF1A7228045C2008C95DC /* ImageName.swift */; };
		BAFFF261228045C2008C95DC /* ImageName.swift in Sources */ = {isa = PBXBuildFile; fileRef = BAFFF1A7228045C2008C95DC /* ImageName.swift */; };
		BAFFF262228045C2008C95DC /* ImageName.swift in Sources */ = {isa = PBXBuildFile; fileRef = BAFFF1A7228045C2008C95DC /* ImageName.swift */; };
		BAFFF263228045C2008C95DC /* PortData.swift in Sources */ = {isa = PBXBuildFile; fileRef = BAFFF1A8228045C2008C95DC /* PortData.swift */; };
		BAFFF264228045C2008C95DC /* PortData.swift in Sources */ = {isa = PBXBuildFile; fileRef = BAFFF1A8228045C2008C95DC /* PortData.swift */; };
		BAFFF265228045C2008C95DC /* PortData.swift in Sources */ = {isa = PBXBuildFile; fileRef = BAFFF1A8228045C2008C95DC /* PortData.swift */; };
		BAFFF266228045C2008C95DC /* BytecodeEncodable+PlaygroundValue.swift in Sources */ = {isa = PBXBuildFile; fileRef = BAFFF1A9228045C2008C95DC /* BytecodeEncodable+PlaygroundValue.swift */; };
		BAFFF267228045C2008C95DC /* BytecodeEncodable+PlaygroundValue.swift in Sources */ = {isa = PBXBuildFile; fileRef = BAFFF1A9228045C2008C95DC /* BytecodeEncodable+PlaygroundValue.swift */; };
		BAFFF268228045C2008C95DC /* BytecodeEncodable+PlaygroundValue.swift in Sources */ = {isa = PBXBuildFile; fileRef = BAFFF1A9228045C2008C95DC /* BytecodeEncodable+PlaygroundValue.swift */; };
		BAFFF269228045C2008C95DC /* RobotOutputMethods.swift in Sources */ = {isa = PBXBuildFile; fileRef = BAFFF1AA228045C2008C95DC /* RobotOutputMethods.swift */; };
		BAFFF26A228045C2008C95DC /* RobotOutputMethods.swift in Sources */ = {isa = PBXBuildFile; fileRef = BAFFF1AA228045C2008C95DC /* RobotOutputMethods.swift */; };
		BAFFF26B228045C2008C95DC /* RobotOutputMethods.swift in Sources */ = {isa = PBXBuildFile; fileRef = BAFFF1AA228045C2008C95DC /* RobotOutputMethods.swift */; };
		BAFFF272228045C2008C95DC /* IconType.swift in Sources */ = {isa = PBXBuildFile; fileRef = BAFFF1AD228045C2008C95DC /* IconType.swift */; };
		BAFFF273228045C2008C95DC /* IconType.swift in Sources */ = {isa = PBXBuildFile; fileRef = BAFFF1AD228045C2008C95DC /* IconType.swift */; };
		BAFFF274228045C2008C95DC /* IconType.swift in Sources */ = {isa = PBXBuildFile; fileRef = BAFFF1AD228045C2008C95DC /* IconType.swift */; };
		BAFFF275228045C2008C95DC /* WriteCommand+PlaygroundValue.swift in Sources */ = {isa = PBXBuildFile; fileRef = BAFFF1AE228045C2008C95DC /* WriteCommand+PlaygroundValue.swift */; };
		BAFFF276228045C2008C95DC /* WriteCommand+PlaygroundValue.swift in Sources */ = {isa = PBXBuildFile; fileRef = BAFFF1AE228045C2008C95DC /* WriteCommand+PlaygroundValue.swift */; };
		BAFFF277228045C2008C95DC /* WriteCommand+PlaygroundValue.swift in Sources */ = {isa = PBXBuildFile; fileRef = BAFFF1AE228045C2008C95DC /* WriteCommand+PlaygroundValue.swift */; };
		BAFFF27B228045C2008C95DC /* PlatesViewController+BrickActionsViewControllerDelegate.swift in Sources */ = {isa = PBXBuildFile; fileRef = BAFFF1B0228045C2008C95DC /* PlatesViewController+BrickActionsViewControllerDelegate.swift */; };
		BAFFF27C228045C2008C95DC /* PlatesViewController+BrickActionsViewControllerDelegate.swift in Sources */ = {isa = PBXBuildFile; fileRef = BAFFF1B0228045C2008C95DC /* PlatesViewController+BrickActionsViewControllerDelegate.swift */; };
		BAFFF27D228045C2008C95DC /* PlatesViewController+BrickActionsViewControllerDelegate.swift in Sources */ = {isa = PBXBuildFile; fileRef = BAFFF1B0228045C2008C95DC /* PlatesViewController+BrickActionsViewControllerDelegate.swift */; };
		BAFFF293228045C2008C95DC /* PlaygroundValueAccessor.swift in Sources */ = {isa = PBXBuildFile; fileRef = BAFFF1B8228045C2008C95DC /* PlaygroundValueAccessor.swift */; };
		BAFFF294228045C2008C95DC /* PlaygroundValueAccessor.swift in Sources */ = {isa = PBXBuildFile; fileRef = BAFFF1B8228045C2008C95DC /* PlaygroundValueAccessor.swift */; };
		BAFFF295228045C2008C95DC /* PlaygroundValueAccessor.swift in Sources */ = {isa = PBXBuildFile; fileRef = BAFFF1B8228045C2008C95DC /* PlaygroundValueAccessor.swift */; };
		BAFFF29C228045C2008C95DC /* Operation+PlaygroundValue.swift in Sources */ = {isa = PBXBuildFile; fileRef = BAFFF1BB228045C2008C95DC /* Operation+PlaygroundValue.swift */; };
		BAFFF29D228045C2008C95DC /* Operation+PlaygroundValue.swift in Sources */ = {isa = PBXBuildFile; fileRef = BAFFF1BB228045C2008C95DC /* Operation+PlaygroundValue.swift */; };
		BAFFF29E228045C2008C95DC /* Operation+PlaygroundValue.swift in Sources */ = {isa = PBXBuildFile; fileRef = BAFFF1BB228045C2008C95DC /* Operation+PlaygroundValue.swift */; };
		BAFFF2A2228045C2008C95DC /* SoundCommand.swift in Sources */ = {isa = PBXBuildFile; fileRef = BAFFF1BD228045C2008C95DC /* SoundCommand.swift */; };
		BAFFF2A3228045C2008C95DC /* SoundCommand.swift in Sources */ = {isa = PBXBuildFile; fileRef = BAFFF1BD228045C2008C95DC /* SoundCommand.swift */; };
		BAFFF2A4228045C2008C95DC /* SoundCommand.swift in Sources */ = {isa = PBXBuildFile; fileRef = BAFFF1BD228045C2008C95DC /* SoundCommand.swift */; };
		BAFFF2A5228045C2008C95DC /* UserCodeState.swift in Sources */ = {isa = PBXBuildFile; fileRef = BAFFF1BE228045C2008C95DC /* UserCodeState.swift */; };
		BAFFF2A6228045C2008C95DC /* UserCodeState.swift in Sources */ = {isa = PBXBuildFile; fileRef = BAFFF1BE228045C2008C95DC /* UserCodeState.swift */; };
		BAFFF2A7228045C2008C95DC /* UserCodeState.swift in Sources */ = {isa = PBXBuildFile; fileRef = BAFFF1BE228045C2008C95DC /* UserCodeState.swift */; };
		BAFFF2B1228045C2008C95DC /* Command.swift in Sources */ = {isa = PBXBuildFile; fileRef = BAFFF1C2228045C2008C95DC /* Command.swift */; };
		BAFFF2B2228045C2008C95DC /* Command.swift in Sources */ = {isa = PBXBuildFile; fileRef = BAFFF1C2228045C2008C95DC /* Command.swift */; };
		BAFFF2B3228045C2008C95DC /* Command.swift in Sources */ = {isa = PBXBuildFile; fileRef = BAFFF1C2228045C2008C95DC /* Command.swift */; };
		BAFFF2B7228045C2008C95DC /* PlaygroundPageSupport.swift in Sources */ = {isa = PBXBuildFile; fileRef = BAFFF1C4228045C2008C95DC /* PlaygroundPageSupport.swift */; };
		BAFFF2B8228045C2008C95DC /* PlaygroundPageSupport.swift in Sources */ = {isa = PBXBuildFile; fileRef = BAFFF1C4228045C2008C95DC /* PlaygroundPageSupport.swift */; };
		BAFFF2B9228045C2008C95DC /* PlaygroundPageSupport.swift in Sources */ = {isa = PBXBuildFile; fileRef = BAFFF1C4228045C2008C95DC /* PlaygroundPageSupport.swift */; };
		BAFFF2BA228045C2008C95DC /* CommandManager.swift in Sources */ = {isa = PBXBuildFile; fileRef = BAFFF1C5228045C2008C95DC /* CommandManager.swift */; };
		BAFFF2BB228045C2008C95DC /* CommandManager.swift in Sources */ = {isa = PBXBuildFile; fileRef = BAFFF1C5228045C2008C95DC /* CommandManager.swift */; };
		BAFFF2BC228045C2008C95DC /* CommandManager.swift in Sources */ = {isa = PBXBuildFile; fileRef = BAFFF1C5228045C2008C95DC /* CommandManager.swift */; };
		BAFFF2BD228045C2008C95DC /* PixelSize.swift in Sources */ = {isa = PBXBuildFile; fileRef = BAFFF1C6228045C2008C95DC /* PixelSize.swift */; };
		BAFFF2BE228045C2008C95DC /* PixelSize.swift in Sources */ = {isa = PBXBuildFile; fileRef = BAFFF1C6228045C2008C95DC /* PixelSize.swift */; };
		BAFFF2BF228045C2008C95DC /* PixelSize.swift in Sources */ = {isa = PBXBuildFile; fileRef = BAFFF1C6228045C2008C95DC /* PixelSize.swift */; };
		BAFFF2C9228045C2008C95DC /* SoundCommand+PlaygroundValue.swift in Sources */ = {isa = PBXBuildFile; fileRef = BAFFF1CA228045C2008C95DC /* SoundCommand+PlaygroundValue.swift */; };
		BAFFF2CA228045C2008C95DC /* SoundCommand+PlaygroundValue.swift in Sources */ = {isa = PBXBuildFile; fileRef = BAFFF1CA228045C2008C95DC /* SoundCommand+PlaygroundValue.swift */; };
		BAFFF2CB228045C2008C95DC /* SoundCommand+PlaygroundValue.swift in Sources */ = {isa = PBXBuildFile; fileRef = BAFFF1CA228045C2008C95DC /* SoundCommand+PlaygroundValue.swift */; };
		BAFFF2D5228045C2008C95DC /* Robot+ProxyDelegate.swift in Sources */ = {isa = PBXBuildFile; fileRef = BAFFF1CE228045C2008C95DC /* Robot+ProxyDelegate.swift */; };
		BAFFF2D6228045C2008C95DC /* Robot+ProxyDelegate.swift in Sources */ = {isa = PBXBuildFile; fileRef = BAFFF1CE228045C2008C95DC /* Robot+ProxyDelegate.swift */; };
		BAFFF2D7228045C2008C95DC /* Robot+ProxyDelegate.swift in Sources */ = {isa = PBXBuildFile; fileRef = BAFFF1CE228045C2008C95DC /* Robot+ProxyDelegate.swift */; };
		BAFFF2DE228045C2008C95DC /* RobotError.swift in Sources */ = {isa = PBXBuildFile; fileRef = BAFFF1D1228045C2008C95DC /* RobotError.swift */; };
		BAFFF2DF228045C2008C95DC /* RobotError.swift in Sources */ = {isa = PBXBuildFile; fileRef = BAFFF1D1228045C2008C95DC /* RobotError.swift */; };
		BAFFF2E0228045C2008C95DC /* RobotError.swift in Sources */ = {isa = PBXBuildFile; fileRef = BAFFF1D1228045C2008C95DC /* RobotError.swift */; };
		BAFFF2E4228045C2008C95DC /* Note.swift in Sources */ = {isa = PBXBuildFile; fileRef = BAFFF1D3228045C2008C95DC /* Note.swift */; };
		BAFFF2E5228045C2008C95DC /* Note.swift in Sources */ = {isa = PBXBuildFile; fileRef = BAFFF1D3228045C2008C95DC /* Note.swift */; };
		BAFFF2E6228045C2008C95DC /* Note.swift in Sources */ = {isa = PBXBuildFile; fileRef = BAFFF1D3228045C2008C95DC /* Note.swift */; };
		BAFFF2EA228045C2008C95DC /* RobotInputMethods.swift in Sources */ = {isa = PBXBuildFile; fileRef = BAFFF1D5228045C2008C95DC /* RobotInputMethods.swift */; };
		BAFFF2EB228045C2008C95DC /* RobotInputMethods.swift in Sources */ = {isa = PBXBuildFile; fileRef = BAFFF1D5228045C2008C95DC /* RobotInputMethods.swift */; };
		BAFFF2EC228045C2008C95DC /* RobotInputMethods.swift in Sources */ = {isa = PBXBuildFile; fileRef = BAFFF1D5228045C2008C95DC /* RobotInputMethods.swift */; };
		BAFFF2ED228045C2008C95DC /* PixelLocation.swift in Sources */ = {isa = PBXBuildFile; fileRef = BAFFF1D6228045C2008C95DC /* PixelLocation.swift */; };
		BAFFF2EE228045C2008C95DC /* PixelLocation.swift in Sources */ = {isa = PBXBuildFile; fileRef = BAFFF1D6228045C2008C95DC /* PixelLocation.swift */; };
		BAFFF2EF228045C2008C95DC /* PixelLocation.swift in Sources */ = {isa = PBXBuildFile; fileRef = BAFFF1D6228045C2008C95DC /* PixelLocation.swift */; };
		BAFFF2F0228045C2008C95DC /* MotorType.swift in Sources */ = {isa = PBXBuildFile; fileRef = BAFFF1D7228045C2008C95DC /* MotorType.swift */; };
		BAFFF2F1228045C2008C95DC /* MotorType.swift in Sources */ = {isa = PBXBuildFile; fileRef = BAFFF1D7228045C2008C95DC /* MotorType.swift */; };
		BAFFF2F2228045C2008C95DC /* MotorType.swift in Sources */ = {isa = PBXBuildFile; fileRef = BAFFF1D7228045C2008C95DC /* MotorType.swift */; };
		BAFFF2F3228045C2008C95DC /* DisplayColor.swift in Sources */ = {isa = PBXBuildFile; fileRef = BAFFF1D8228045C2008C95DC /* DisplayColor.swift */; };
		BAFFF2F4228045C2008C95DC /* DisplayColor.swift in Sources */ = {isa = PBXBuildFile; fileRef = BAFFF1D8228045C2008C95DC /* DisplayColor.swift */; };
		BAFFF2F5228045C2008C95DC /* DisplayColor.swift in Sources */ = {isa = PBXBuildFile; fileRef = BAFFF1D8228045C2008C95DC /* DisplayColor.swift */; };
		BAFFF2FC228045C2008C95DC /* BytecodeEncodable.swift in Sources */ = {isa = PBXBuildFile; fileRef = BAFFF1DB228045C2008C95DC /* BytecodeEncodable.swift */; };
		BAFFF2FD228045C2008C95DC /* BytecodeEncodable.swift in Sources */ = {isa = PBXBuildFile; fileRef = BAFFF1DB228045C2008C95DC /* BytecodeEncodable.swift */; };
		BAFFF2FE228045C2008C95DC /* BytecodeEncodable.swift in Sources */ = {isa = PBXBuildFile; fileRef = BAFFF1DB228045C2008C95DC /* BytecodeEncodable.swift */; };
		BAFFF302228045C2008C95DC /* ColorValue.swift in Sources */ = {isa = PBXBuildFile; fileRef = BAFFF1DD228045C2008C95DC /* ColorValue.swift */; };
		BAFFF303228045C2008C95DC /* ColorValue.swift in Sources */ = {isa = PBXBuildFile; fileRef = BAFFF1DD228045C2008C95DC /* ColorValue.swift */; };
		BAFFF304228045C2008C95DC /* ColorValue.swift in Sources */ = {isa = PBXBuildFile; fileRef = BAFFF1DD228045C2008C95DC /* ColorValue.swift */; };
		BAFFF308228045C2008C95DC /* Comparable+clamped.swift in Sources */ = {isa = PBXBuildFile; fileRef = BAFFF1DF228045C2008C95DC /* Comparable+clamped.swift */; };
		BAFFF309228045C2008C95DC /* Comparable+clamped.swift in Sources */ = {isa = PBXBuildFile; fileRef = BAFFF1DF228045C2008C95DC /* Comparable+clamped.swift */; };
		BAFFF30A228045C2008C95DC /* Comparable+clamped.swift in Sources */ = {isa = PBXBuildFile; fileRef = BAFFF1DF228045C2008C95DC /* Comparable+clamped.swift */; };
		BAFFF30B228045C2008C95DC /* VariableWidthData.swift in Sources */ = {isa = PBXBuildFile; fileRef = BAFFF1E0228045C2008C95DC /* VariableWidthData.swift */; };
		BAFFF30C228045C2008C95DC /* VariableWidthData.swift in Sources */ = {isa = PBXBuildFile; fileRef = BAFFF1E0228045C2008C95DC /* VariableWidthData.swift */; };
		BAFFF30D228045C2008C95DC /* VariableWidthData.swift in Sources */ = {isa = PBXBuildFile; fileRef = BAFFF1E0228045C2008C95DC /* VariableWidthData.swift */; };
		BAFFF314228045C2008C95DC /* BrickLightColor.swift in Sources */ = {isa = PBXBuildFile; fileRef = BAFFF1E3228045C2008C95DC /* BrickLightColor.swift */; };
		BAFFF315228045C2008C95DC /* BrickLightColor.swift in Sources */ = {isa = PBXBuildFile; fileRef = BAFFF1E3228045C2008C95DC /* BrickLightColor.swift */; };
		BAFFF316228045C2008C95DC /* BrickLightColor.swift in Sources */ = {isa = PBXBuildFile; fileRef = BAFFF1E3228045C2008C95DC /* BrickLightColor.swift */; };
		BAFFF31A228045C2008C95DC /* CommandType.swift in Sources */ = {isa = PBXBuildFile; fileRef = BAFFF1E5228045C2008C95DC /* CommandType.swift */; };
		BAFFF31B228045C2008C95DC /* CommandType.swift in Sources */ = {isa = PBXBuildFile; fileRef = BAFFF1E5228045C2008C95DC /* CommandType.swift */; };
		BAFFF31C228045C2008C95DC /* CommandType.swift in Sources */ = {isa = PBXBuildFile; fileRef = BAFFF1E5228045C2008C95DC /* CommandType.swift */; };
		BAFFF31D228045C2008C95DC /* ReplyOperation+Reading.swift in Sources */ = {isa = PBXBuildFile; fileRef = BAFFF1E6228045C2008C95DC /* ReplyOperation+Reading.swift */; };
		BAFFF31E228045C2008C95DC /* ReplyOperation+Reading.swift in Sources */ = {isa = PBXBuildFile; fileRef = BAFFF1E6228045C2008C95DC /* ReplyOperation+Reading.swift */; };
		BAFFF31F228045C2008C95DC /* ReplyOperation+Reading.swift in Sources */ = {isa = PBXBuildFile; fileRef = BAFFF1E6228045C2008C95DC /* ReplyOperation+Reading.swift */; };
		BAFFF320228045C2008C95DC /* BrickLightMode.swift in Sources */ = {isa = PBXBuildFile; fileRef = BAFFF1E7228045C2008C95DC /* BrickLightMode.swift */; };
		BAFFF321228045C2008C95DC /* BrickLightMode.swift in Sources */ = {isa = PBXBuildFile; fileRef = BAFFF1E7228045C2008C95DC /* BrickLightMode.swift */; };
		BAFFF322228045C2008C95DC /* BrickLightMode.swift in Sources */ = {isa = PBXBuildFile; fileRef = BAFFF1E7228045C2008C95DC /* BrickLightMode.swift */; };
		BAFFF323228045C2008C95DC /* DrawCommand+PlaygroundValue.swift in Sources */ = {isa = PBXBuildFile; fileRef = BAFFF1E8228045C2008C95DC /* DrawCommand+PlaygroundValue.swift */; };
		BAFFF324228045C2008C95DC /* DrawCommand+PlaygroundValue.swift in Sources */ = {isa = PBXBuildFile; fileRef = BAFFF1E8228045C2008C95DC /* DrawCommand+PlaygroundValue.swift */; };
		BAFFF325228045C2008C95DC /* DrawCommand+PlaygroundValue.swift in Sources */ = {isa = PBXBuildFile; fileRef = BAFFF1E8228045C2008C95DC /* DrawCommand+PlaygroundValue.swift */; };
		BAFFF326228045C2008C95DC /* InputDeviceCommand.swift in Sources */ = {isa = PBXBuildFile; fileRef = BAFFF1E9228045C2008C95DC /* InputDeviceCommand.swift */; };
		BAFFF327228045C2008C95DC /* InputDeviceCommand.swift in Sources */ = {isa = PBXBuildFile; fileRef = BAFFF1E9228045C2008C95DC /* InputDeviceCommand.swift */; };
		BAFFF328228045C2008C95DC /* InputDeviceCommand.swift in Sources */ = {isa = PBXBuildFile; fileRef = BAFFF1E9228045C2008C95DC /* InputDeviceCommand.swift */; };
		BAFFF329228045C2008C95DC /* ReplyOperationReply+PlaygroundValue.swift in Sources */ = {isa = PBXBuildFile; fileRef = BAFFF1EA228045C2008C95DC /* ReplyOperationReply+PlaygroundValue.swift */; };
		BAFFF32A228045C2008C95DC /* ReplyOperationReply+PlaygroundValue.swift in Sources */ = {isa = PBXBuildFile; fileRef = BAFFF1EA228045C2008C95DC /* ReplyOperationReply+PlaygroundValue.swift */; };
		BAFFF32B228045C2008C95DC /* ReplyOperationReply+PlaygroundValue.swift in Sources */ = {isa = PBXBuildFile; fileRef = BAFFF1EA228045C2008C95DC /* ReplyOperationReply+PlaygroundValue.swift */; };
		BAFFF32C228045C2008C95DC /* RobotAPI.swift in Sources */ = {isa = PBXBuildFile; fileRef = BAFFF1EB228045C2008C95DC /* RobotAPI.swift */; };
		BAFFF32D228045C2008C95DC /* RobotAPI.swift in Sources */ = {isa = PBXBuildFile; fileRef = BAFFF1EB228045C2008C95DC /* RobotAPI.swift */; };
		BAFFF32E228045C2008C95DC /* RobotAPI.swift in Sources */ = {isa = PBXBuildFile; fileRef = BAFFF1EB228045C2008C95DC /* RobotAPI.swift */; };
		BAFFF335228045C2008C95DC /* InputPort.swift in Sources */ = {isa = PBXBuildFile; fileRef = BAFFF1EE228045C2008C95DC /* InputPort.swift */; };
		BAFFF336228045C2008C95DC /* InputPort.swift in Sources */ = {isa = PBXBuildFile; fileRef = BAFFF1EE228045C2008C95DC /* InputPort.swift */; };
		BAFFF337228045C2008C95DC /* InputPort.swift in Sources */ = {isa = PBXBuildFile; fileRef = BAFFF1EE228045C2008C95DC /* InputPort.swift */; };
		BAFFF33B228045C2008C95DC /* SoundStyle.swift in Sources */ = {isa = PBXBuildFile; fileRef = BAFFF1F0228045C2008C95DC /* SoundStyle.swift */; };
		BAFFF33C228045C2008C95DC /* SoundStyle.swift in Sources */ = {isa = PBXBuildFile; fileRef = BAFFF1F0228045C2008C95DC /* SoundStyle.swift */; };
		BAFFF33D228045C2008C95DC /* SoundStyle.swift in Sources */ = {isa = PBXBuildFile; fileRef = BAFFF1F0228045C2008C95DC /* SoundStyle.swift */; };
		BAFFF341228045C2008C95DC /* ReplyOperationReply.swift in Sources */ = {isa = PBXBuildFile; fileRef = BAFFF1F2228045C2008C95DC /* ReplyOperationReply.swift */; };
		BAFFF342228045C2008C95DC /* ReplyOperationReply.swift in Sources */ = {isa = PBXBuildFile; fileRef = BAFFF1F2228045C2008C95DC /* ReplyOperationReply.swift */; };
		BAFFF343228045C2008C95DC /* ReplyOperationReply.swift in Sources */ = {isa = PBXBuildFile; fileRef = BAFFF1F2228045C2008C95DC /* ReplyOperationReply.swift */; };
		BAFFF344228045C2008C95DC /* Robot.swift in Sources */ = {isa = PBXBuildFile; fileRef = BAFFF1F3228045C2008C95DC /* Robot.swift */; };
		BAFFF345228045C2008C95DC /* Robot.swift in Sources */ = {isa = PBXBuildFile; fileRef = BAFFF1F3228045C2008C95DC /* Robot.swift */; };
		BAFFF346228045C2008C95DC /* Robot.swift in Sources */ = {isa = PBXBuildFile; fileRef = BAFFF1F3228045C2008C95DC /* Robot.swift */; };
		BAFFF34A228045C2008C95DC /* ConnectionTypeByteCodes.swift in Sources */ = {isa = PBXBuildFile; fileRef = BAFFF1F5228045C2008C95DC /* ConnectionTypeByteCodes.swift */; };
		BAFFF34B228045C2008C95DC /* ConnectionTypeByteCodes.swift in Sources */ = {isa = PBXBuildFile; fileRef = BAFFF1F5228045C2008C95DC /* ConnectionTypeByteCodes.swift */; };
		BAFFF34C228045C2008C95DC /* ConnectionTypeByteCodes.swift in Sources */ = {isa = PBXBuildFile; fileRef = BAFFF1F5228045C2008C95DC /* ConnectionTypeByteCodes.swift */; };
		BAFFF350228045C2008C95DC /* Operation.swift in Sources */ = {isa = PBXBuildFile; fileRef = BAFFF1F7228045C2008C95DC /* Operation.swift */; };
		BAFFF351228045C2008C95DC /* Operation.swift in Sources */ = {isa = PBXBuildFile; fileRef = BAFFF1F7228045C2008C95DC /* Operation.swift */; };
		BAFFF352228045C2008C95DC /* Operation.swift in Sources */ = {isa = PBXBuildFile; fileRef = BAFFF1F7228045C2008C95DC /* Operation.swift */; };
		BAFFF356228045C2008C95DC /* Operation+Parameters.swift in Sources */ = {isa = PBXBuildFile; fileRef = BAFFF1F9228045C2008C95DC /* Operation+Parameters.swift */; };
		BAFFF357228045C2008C95DC /* Operation+Parameters.swift in Sources */ = {isa = PBXBuildFile; fileRef = BAFFF1F9228045C2008C95DC /* Operation+Parameters.swift */; };
		BAFFF358228045C2008C95DC /* Operation+Parameters.swift in Sources */ = {isa = PBXBuildFile; fileRef = BAFFF1F9228045C2008C95DC /* Operation+Parameters.swift */; };
		BAFFF35C228045C2008C95DC /* GridLineType.swift in Sources */ = {isa = PBXBuildFile; fileRef = BAFFF1FB228045C2008C95DC /* GridLineType.swift */; };
		BAFFF35D228045C2008C95DC /* GridLineType.swift in Sources */ = {isa = PBXBuildFile; fileRef = BAFFF1FB228045C2008C95DC /* GridLineType.swift */; };
		BAFFF35E228045C2008C95DC /* GridLineType.swift in Sources */ = {isa = PBXBuildFile; fileRef = BAFFF1FB228045C2008C95DC /* GridLineType.swift */; };
		BAFFF35F228045C2008C95DC /* RobotDisplayMethods.swift in Sources */ = {isa = PBXBuildFile; fileRef = BAFFF1FC228045C2008C95DC /* RobotDisplayMethods.swift */; };
		BAFFF360228045C2008C95DC /* RobotDisplayMethods.swift in Sources */ = {isa = PBXBuildFile; fileRef = BAFFF1FC228045C2008C95DC /* RobotDisplayMethods.swift */; };
		BAFFF361228045C2008C95DC /* RobotDisplayMethods.swift in Sources */ = {isa = PBXBuildFile; fileRef = BAFFF1FC228045C2008C95DC /* RobotDisplayMethods.swift */; };
/* End PBXBuildFile section */

/* Begin PBXFileReference section */
		BA424CDC2338BBF800B3BA3A /* PortType.swift */ = {isa = PBXFileReference; fileEncoding = 4; lastKnownFileType = sourcecode.swift; path = PortType.swift; sourceTree = "<group>"; };
		BA47B7D12280941C00C6AFBB /* PlaygroundSupport.framework */ = {isa = PBXFileReference; lastKnownFileType = wrapper.framework; name = PlaygroundSupport.framework; path = Carthage/Build/Mac/PlaygroundSupport.framework; sourceTree = "<group>"; };
		BA47B7D32280942600C6AFBB /* PlaygroundSupport.framework */ = {isa = PBXFileReference; lastKnownFileType = wrapper.framework; name = PlaygroundSupport.framework; path = Carthage/Build/watchOS/PlaygroundSupport.framework; sourceTree = "<group>"; };
		BA47B7D52280943100C6AFBB /* PlaygroundSupport.framework */ = {isa = PBXFileReference; lastKnownFileType = wrapper.framework; name = PlaygroundSupport.framework; path = Carthage/Build/iOS/PlaygroundSupport.framework; sourceTree = "<group>"; };
		BAFFF14C22801782008C95DC /* ev3swift.framework */ = {isa = PBXFileReference; explicitFileType = wrapper.framework; includeInIndex = 0; path = ev3swift.framework; sourceTree = BUILT_PRODUCTS_DIR; };
		BAFFF15A228017B1008C95DC /* ev3swift.framework */ = {isa = PBXFileReference; explicitFileType = wrapper.framework; includeInIndex = 0; path = ev3swift.framework; sourceTree = BUILT_PRODUCTS_DIR; };
		BAFFF167228017FD008C95DC /* ev3swift.framework */ = {isa = PBXFileReference; explicitFileType = wrapper.framework; includeInIndex = 0; path = ev3swift.framework; sourceTree = BUILT_PRODUCTS_DIR; };
		BAFFF169228017FD008C95DC /* ev3swift.h */ = {isa = PBXFileReference; lastKnownFileType = sourcecode.c.h; path = ev3swift.h; sourceTree = "<group>"; };
		BAFFF17022801838008C95DC /* README.md */ = {isa = PBXFileReference; lastKnownFileType = net.daringfireball.markdown; path = README.md; sourceTree = "<group>"; };
		BAFFF17122801838008C95DC /* LICENSE */ = {isa = PBXFileReference; lastKnownFileType = text; path = LICENSE; sourceTree = "<group>"; };
		BAFFF174228019C8008C95DC /* Info-osx.plist */ = {isa = PBXFileReference; fileEncoding = 4; lastKnownFileType = text.plist.xml; name = "Info-osx.plist"; path = "Sources/Info-osx.plist"; sourceTree = SOURCE_ROOT; };
		BAFFF176228019EC008C95DC /* Info-ios.plist */ = {isa = PBXFileReference; lastKnownFileType = text.plist.xml; name = "Info-ios.plist"; path = "Sources/Info-ios.plist"; sourceTree = SOURCE_ROOT; };
		BAFFF177228019EC008C95DC /* Info-watchos.plist */ = {isa = PBXFileReference; lastKnownFileType = text.plist.xml; name = "Info-watchos.plist"; path = "Sources/Info-watchos.plist"; sourceTree = SOURCE_ROOT; };
		BAFFF17A22802F37008C95DC /* HelloWorld.swift */ = {isa = PBXFileReference; lastKnownFileType = sourcecode.swift; path = HelloWorld.swift; sourceTree = "<group>"; };
		BAFFF17F22803E71008C95DC /* UIKit.framework */ = {isa = PBXFileReference; lastKnownFileType = wrapper.framework; name = UIKit.framework; path = Platforms/WatchOS.platform/Developer/SDKs/WatchOS5.2.sdk/System/Library/Frameworks/UIKit.framework; sourceTree = DEVELOPER_DIR; };
		BAFFF18122803E7C008C95DC /* UIKit.framework */ = {isa = PBXFileReference; lastKnownFileType = wrapper.framework; name = UIKit.framework; path = Platforms/iPhoneOS.platform/Developer/SDKs/iPhoneOS12.2.sdk/System/Library/Frameworks/UIKit.framework; sourceTree = DEVELOPER_DIR; };
		BAFFF18322803E9B008C95DC /* Cocoa.framework */ = {isa = PBXFileReference; lastKnownFileType = wrapper.framework; name = Cocoa.framework; path = System/Library/Frameworks/Cocoa.framework; sourceTree = SDKROOT; };
		BAFFF186228045C2008C95DC /* BlockCondition+PlaygroundValue.swift */ = {isa = PBXFileReference; fileEncoding = 4; lastKnownFileType = sourcecode.swift; path = "BlockCondition+PlaygroundValue.swift"; sourceTree = "<group>"; };
		BAFFF187228045C2008C95DC /* DisplayFont.swift */ = {isa = PBXFileReference; fileEncoding = 4; lastKnownFileType = sourcecode.swift; path = DisplayFont.swift; sourceTree = "<group>"; };
		BAFFF188228045C2008C95DC /* InputDeviceCommand+PlaygroundValue.swift */ = {isa = PBXFileReference; fileEncoding = 4; lastKnownFileType = sourcecode.swift; path = "InputDeviceCommand+PlaygroundValue.swift"; sourceTree = "<group>"; };
		BAFFF18B228045C2008C95DC /* Random.swift */ = {isa = PBXFileReference; fileEncoding = 4; lastKnownFileType = sourcecode.swift; path = Random.swift; sourceTree = "<group>"; };
		BAFFF18C228045C2008C95DC /* ParameterCommand.swift */ = {isa = PBXFileReference; fileEncoding = 4; lastKnownFileType = sourcecode.swift; path = ParameterCommand.swift; sourceTree = "<group>"; };
		BAFFF18F228045C2008C95DC /* ReplyOperation+PlaygroundValue.swift */ = {isa = PBXFileReference; fileEncoding = 4; lastKnownFileType = sourcecode.swift; path = "ReplyOperation+PlaygroundValue.swift"; sourceTree = "<group>"; };
		BAFFF191228045C2008C95DC /* LiveViewMessageKey.swift */ = {isa = PBXFileReference; fileEncoding = 4; lastKnownFileType = sourcecode.swift; path = LiveViewMessageKey.swift; sourceTree = "<group>"; };
		BAFFF192228045C2008C95DC /* LiveViewController+MessageHandler.swift */ = {isa = PBXFileReference; fileEncoding = 4; lastKnownFileType = sourcecode.swift; path = "LiveViewController+MessageHandler.swift"; sourceTree = "<group>"; };
		BAFFF193228045C2008C95DC /* MockLiveViewProxy.swift */ = {isa = PBXFileReference; fileEncoding = 4; lastKnownFileType = sourcecode.swift; path = MockLiveViewProxy.swift; sourceTree = "<group>"; };
		BAFFF194228045C2008C95DC /* Logging.swift */ = {isa = PBXFileReference; fileEncoding = 4; lastKnownFileType = sourcecode.swift; path = Logging.swift; sourceTree = "<group>"; };
		BAFFF195228045C2008C95DC /* RobotWaitForMethods.swift */ = {isa = PBXFileReference; fileEncoding = 4; lastKnownFileType = sourcecode.swift; path = RobotWaitForMethods.swift; sourceTree = "<group>"; };
		BAFFF196228045C2008C95DC /* ReplyOperation.swift */ = {isa = PBXFileReference; fileEncoding = 4; lastKnownFileType = sourcecode.swift; path = ReplyOperation.swift; sourceTree = "<group>"; };
		BAFFF199228045C2008C95DC /* Port.swift */ = {isa = PBXFileReference; fileEncoding = 4; lastKnownFileType = sourcecode.swift; path = Port.swift; sourceTree = "<group>"; };
		BAFFF19A228045C2008C95DC /* SoundFile.swift */ = {isa = PBXFileReference; fileEncoding = 4; lastKnownFileType = sourcecode.swift; path = SoundFile.swift; sourceTree = "<group>"; };
		BAFFF19B228045C2008C95DC /* BlockCondition.swift */ = {isa = PBXFileReference; fileEncoding = 4; lastKnownFileType = sourcecode.swift; path = BlockCondition.swift; sourceTree = "<group>"; };
		BAFFF19C228045C2008C95DC /* DrawCommand.swift */ = {isa = PBXFileReference; fileEncoding = 4; lastKnownFileType = sourcecode.swift; path = DrawCommand.swift; sourceTree = "<group>"; };
		BAFFF19F228045C2008C95DC /* ConnectionDataLogger.swift */ = {isa = PBXFileReference; fileEncoding = 4; lastKnownFileType = sourcecode.swift; path = ConnectionDataLogger.swift; sourceTree = "<group>"; };
		BAFFF1A0228045C2008C95DC /* Icon.swift */ = {isa = PBXFileReference; fileEncoding = 4; lastKnownFileType = sourcecode.swift; path = Icon.swift; sourceTree = "<group>"; };
		BAFFF1A1228045C2008C95DC /* WriteCommand.swift */ = {isa = PBXFileReference; fileEncoding = 4; lastKnownFileType = sourcecode.swift; path = WriteCommand.swift; sourceTree = "<group>"; };
		BAFFF1A3228045C2008C95DC /* PortMode.swift */ = {isa = PBXFileReference; fileEncoding = 4; lastKnownFileType = sourcecode.swift; path = PortMode.swift; sourceTree = "<group>"; };
		BAFFF1A4228045C2008C95DC /* OutputPort.swift */ = {isa = PBXFileReference; fileEncoding = 4; lastKnownFileType = sourcecode.swift; path = OutputPort.swift; sourceTree = "<group>"; };
		BAFFF1A5228045C2008C95DC /* ReplyOperation+Parameters.swift */ = {isa = PBXFileReference; fileEncoding = 4; lastKnownFileType = sourcecode.swift; path = "ReplyOperation+Parameters.swift"; sourceTree = "<group>"; };
		BAFFF1A7228045C2008C95DC /* ImageName.swift */ = {isa = PBXFileReference; fileEncoding = 4; lastKnownFileType = sourcecode.swift; path = ImageName.swift; sourceTree = "<group>"; };
		BAFFF1A8228045C2008C95DC /* PortData.swift */ = {isa = PBXFileReference; fileEncoding = 4; lastKnownFileType = sourcecode.swift; path = PortData.swift; sourceTree = "<group>"; };
		BAFFF1A9228045C2008C95DC /* BytecodeEncodable+PlaygroundValue.swift */ = {isa = PBXFileReference; fileEncoding = 4; lastKnownFileType = sourcecode.swift; path = "BytecodeEncodable+PlaygroundValue.swift"; sourceTree = "<group>"; };
		BAFFF1AA228045C2008C95DC /* RobotOutputMethods.swift */ = {isa = PBXFileReference; fileEncoding = 4; lastKnownFileType = sourcecode.swift; path = RobotOutputMethods.swift; sourceTree = "<group>"; };
		BAFFF1AD228045C2008C95DC /* IconType.swift */ = {isa = PBXFileReference; fileEncoding = 4; lastKnownFileType = sourcecode.swift; path = IconType.swift; sourceTree = "<group>"; };
		BAFFF1AE228045C2008C95DC /* WriteCommand+PlaygroundValue.swift */ = {isa = PBXFileReference; fileEncoding = 4; lastKnownFileType = sourcecode.swift; path = "WriteCommand+PlaygroundValue.swift"; sourceTree = "<group>"; };
		BAFFF1B0228045C2008C95DC /* PlatesViewController+BrickActionsViewControllerDelegate.swift */ = {isa = PBXFileReference; fileEncoding = 4; lastKnownFileType = sourcecode.swift; path = "PlatesViewController+BrickActionsViewControllerDelegate.swift"; sourceTree = "<group>"; };
		BAFFF1B8228045C2008C95DC /* PlaygroundValueAccessor.swift */ = {isa = PBXFileReference; fileEncoding = 4; lastKnownFileType = sourcecode.swift; path = PlaygroundValueAccessor.swift; sourceTree = "<group>"; };
		BAFFF1BB228045C2008C95DC /* Operation+PlaygroundValue.swift */ = {isa = PBXFileReference; fileEncoding = 4; lastKnownFileType = sourcecode.swift; path = "Operation+PlaygroundValue.swift"; sourceTree = "<group>"; };
		BAFFF1BD228045C2008C95DC /* SoundCommand.swift */ = {isa = PBXFileReference; fileEncoding = 4; lastKnownFileType = sourcecode.swift; path = SoundCommand.swift; sourceTree = "<group>"; };
		BAFFF1BE228045C2008C95DC /* UserCodeState.swift */ = {isa = PBXFileReference; fileEncoding = 4; lastKnownFileType = sourcecode.swift; path = UserCodeState.swift; sourceTree = "<group>"; };
		BAFFF1C2228045C2008C95DC /* Command.swift */ = {isa = PBXFileReference; fileEncoding = 4; lastKnownFileType = sourcecode.swift; path = Command.swift; sourceTree = "<group>"; };
		BAFFF1C4228045C2008C95DC /* PlaygroundPageSupport.swift */ = {isa = PBXFileReference; fileEncoding = 4; lastKnownFileType = sourcecode.swift; path = PlaygroundPageSupport.swift; sourceTree = "<group>"; };
		BAFFF1C5228045C2008C95DC /* CommandManager.swift */ = {isa = PBXFileReference; fileEncoding = 4; lastKnownFileType = sourcecode.swift; path = CommandManager.swift; sourceTree = "<group>"; };
		BAFFF1C6228045C2008C95DC /* PixelSize.swift */ = {isa = PBXFileReference; fileEncoding = 4; lastKnownFileType = sourcecode.swift; path = PixelSize.swift; sourceTree = "<group>"; };
		BAFFF1CA228045C2008C95DC /* SoundCommand+PlaygroundValue.swift */ = {isa = PBXFileReference; fileEncoding = 4; lastKnownFileType = sourcecode.swift; path = "SoundCommand+PlaygroundValue.swift"; sourceTree = "<group>"; };
		BAFFF1CE228045C2008C95DC /* Robot+ProxyDelegate.swift */ = {isa = PBXFileReference; fileEncoding = 4; lastKnownFileType = sourcecode.swift; path = "Robot+ProxyDelegate.swift"; sourceTree = "<group>"; };
		BAFFF1D1228045C2008C95DC /* RobotError.swift */ = {isa = PBXFileReference; fileEncoding = 4; lastKnownFileType = sourcecode.swift; path = RobotError.swift; sourceTree = "<group>"; };
		BAFFF1D3228045C2008C95DC /* Note.swift */ = {isa = PBXFileReference; fileEncoding = 4; lastKnownFileType = sourcecode.swift; path = Note.swift; sourceTree = "<group>"; };
		BAFFF1D5228045C2008C95DC /* RobotInputMethods.swift */ = {isa = PBXFileReference; fileEncoding = 4; lastKnownFileType = sourcecode.swift; path = RobotInputMethods.swift; sourceTree = "<group>"; };
		BAFFF1D6228045C2008C95DC /* PixelLocation.swift */ = {isa = PBXFileReference; fileEncoding = 4; lastKnownFileType = sourcecode.swift; path = PixelLocation.swift; sourceTree = "<group>"; };
		BAFFF1D7228045C2008C95DC /* MotorType.swift */ = {isa = PBXFileReference; fileEncoding = 4; lastKnownFileType = sourcecode.swift; path = MotorType.swift; sourceTree = "<group>"; };
		BAFFF1D8228045C2008C95DC /* DisplayColor.swift */ = {isa = PBXFileReference; fileEncoding = 4; lastKnownFileType = sourcecode.swift; path = DisplayColor.swift; sourceTree = "<group>"; };
		BAFFF1DB228045C2008C95DC /* BytecodeEncodable.swift */ = {isa = PBXFileReference; fileEncoding = 4; lastKnownFileType = sourcecode.swift; path = BytecodeEncodable.swift; sourceTree = "<group>"; };
		BAFFF1DD228045C2008C95DC /* ColorValue.swift */ = {isa = PBXFileReference; fileEncoding = 4; lastKnownFileType = sourcecode.swift; path = ColorValue.swift; sourceTree = "<group>"; };
		BAFFF1DF228045C2008C95DC /* Comparable+clamped.swift */ = {isa = PBXFileReference; fileEncoding = 4; lastKnownFileType = sourcecode.swift; path = "Comparable+clamped.swift"; sourceTree = "<group>"; };
		BAFFF1E0228045C2008C95DC /* VariableWidthData.swift */ = {isa = PBXFileReference; fileEncoding = 4; lastKnownFileType = sourcecode.swift; path = VariableWidthData.swift; sourceTree = "<group>"; };
		BAFFF1E3228045C2008C95DC /* BrickLightColor.swift */ = {isa = PBXFileReference; fileEncoding = 4; lastKnownFileType = sourcecode.swift; path = BrickLightColor.swift; sourceTree = "<group>"; };
		BAFFF1E5228045C2008C95DC /* CommandType.swift */ = {isa = PBXFileReference; fileEncoding = 4; lastKnownFileType = sourcecode.swift; path = CommandType.swift; sourceTree = "<group>"; };
		BAFFF1E6228045C2008C95DC /* ReplyOperation+Reading.swift */ = {isa = PBXFileReference; fileEncoding = 4; lastKnownFileType = sourcecode.swift; path = "ReplyOperation+Reading.swift"; sourceTree = "<group>"; };
		BAFFF1E7228045C2008C95DC /* BrickLightMode.swift */ = {isa = PBXFileReference; fileEncoding = 4; lastKnownFileType = sourcecode.swift; path = BrickLightMode.swift; sourceTree = "<group>"; };
		BAFFF1E8228045C2008C95DC /* DrawCommand+PlaygroundValue.swift */ = {isa = PBXFileReference; fileEncoding = 4; lastKnownFileType = sourcecode.swift; path = "DrawCommand+PlaygroundValue.swift"; sourceTree = "<group>"; };
		BAFFF1E9228045C2008C95DC /* InputDeviceCommand.swift */ = {isa = PBXFileReference; fileEncoding = 4; lastKnownFileType = sourcecode.swift; path = InputDeviceCommand.swift; sourceTree = "<group>"; };
		BAFFF1EA228045C2008C95DC /* ReplyOperationReply+PlaygroundValue.swift */ = {isa = PBXFileReference; fileEncoding = 4; lastKnownFileType = sourcecode.swift; path = "ReplyOperationReply+PlaygroundValue.swift"; sourceTree = "<group>"; };
		BAFFF1EB228045C2008C95DC /* RobotAPI.swift */ = {isa = PBXFileReference; fileEncoding = 4; lastKnownFileType = sourcecode.swift; path = RobotAPI.swift; sourceTree = "<group>"; };
		BAFFF1EE228045C2008C95DC /* InputPort.swift */ = {isa = PBXFileReference; fileEncoding = 4; lastKnownFileType = sourcecode.swift; path = InputPort.swift; sourceTree = "<group>"; };
		BAFFF1F0228045C2008C95DC /* SoundStyle.swift */ = {isa = PBXFileReference; fileEncoding = 4; lastKnownFileType = sourcecode.swift; path = SoundStyle.swift; sourceTree = "<group>"; };
		BAFFF1F2228045C2008C95DC /* ReplyOperationReply.swift */ = {isa = PBXFileReference; fileEncoding = 4; lastKnownFileType = sourcecode.swift; path = ReplyOperationReply.swift; sourceTree = "<group>"; };
		BAFFF1F3228045C2008C95DC /* Robot.swift */ = {isa = PBXFileReference; fileEncoding = 4; lastKnownFileType = sourcecode.swift; path = Robot.swift; sourceTree = "<group>"; };
		BAFFF1F5228045C2008C95DC /* ConnectionTypeByteCodes.swift */ = {isa = PBXFileReference; fileEncoding = 4; lastKnownFileType = sourcecode.swift; path = ConnectionTypeByteCodes.swift; sourceTree = "<group>"; };
		BAFFF1F7228045C2008C95DC /* Operation.swift */ = {isa = PBXFileReference; fileEncoding = 4; lastKnownFileType = sourcecode.swift; path = Operation.swift; sourceTree = "<group>"; };
		BAFFF1F9228045C2008C95DC /* Operation+Parameters.swift */ = {isa = PBXFileReference; fileEncoding = 4; lastKnownFileType = sourcecode.swift; path = "Operation+Parameters.swift"; sourceTree = "<group>"; };
		BAFFF1FB228045C2008C95DC /* GridLineType.swift */ = {isa = PBXFileReference; fileEncoding = 4; lastKnownFileType = sourcecode.swift; path = GridLineType.swift; sourceTree = "<group>"; };
		BAFFF1FC228045C2008C95DC /* RobotDisplayMethods.swift */ = {isa = PBXFileReference; fileEncoding = 4; lastKnownFileType = sourcecode.swift; path = RobotDisplayMethods.swift; sourceTree = "<group>"; };
		BAFFF366228054B4008C95DC /* Cartfile */ = {isa = PBXFileReference; lastKnownFileType = text; path = Cartfile; sourceTree = "<group>"; };
/* End PBXFileReference section */

/* Begin PBXFrameworksBuildPhase section */
		BAFFF14922801782008C95DC /* Frameworks */ = {
			isa = PBXFrameworksBuildPhase;
			buildActionMask = 2147483647;
			files = (
				BA47B7D62280943100C6AFBB /* PlaygroundSupport.framework in Frameworks */,
			);
			runOnlyForDeploymentPostprocessing = 0;
		};
		BAFFF157228017B1008C95DC /* Frameworks */ = {
			isa = PBXFrameworksBuildPhase;
			buildActionMask = 2147483647;
			files = (
				BA47B7D42280942600C6AFBB /* PlaygroundSupport.framework in Frameworks */,
			);
			runOnlyForDeploymentPostprocessing = 0;
		};
		BAFFF164228017FD008C95DC /* Frameworks */ = {
			isa = PBXFrameworksBuildPhase;
			buildActionMask = 2147483647;
			files = (
				BA47B7D22280941C00C6AFBB /* PlaygroundSupport.framework in Frameworks */,
			);
			runOnlyForDeploymentPostprocessing = 0;
		};
/* End PBXFrameworksBuildPhase section */

/* Begin PBXGroup section */
		BAFFF140228012BA008C95DC = {
			isa = PBXGroup;
			children = (
				BAFFF17222801841008C95DC /* metadata */,
				BAFFF17322801871008C95DC /* Sources */,
				BAFFF14D22801782008C95DC /* Products */,
				BAFFF17E22803E71008C95DC /* Frameworks */,
			);
			sourceTree = "<group>";
		};
		BAFFF14D22801782008C95DC /* Products */ = {
			isa = PBXGroup;
			children = (
				BAFFF14C22801782008C95DC /* ev3swift.framework */,
				BAFFF15A228017B1008C95DC /* ev3swift.framework */,
				BAFFF167228017FD008C95DC /* ev3swift.framework */,
			);
			name = Products;
			sourceTree = "<group>";
		};
		BAFFF17222801841008C95DC /* metadata */ = {
			isa = PBXGroup;
			children = (
				BAFFF17122801838008C95DC /* LICENSE */,
				BAFFF17022801838008C95DC /* README.md */,
				BAFFF366228054B4008C95DC /* Cartfile */,
			);
			name = metadata;
			sourceTree = "<group>";
		};
		BAFFF17322801871008C95DC /* Sources */ = {
			isa = PBXGroup;
			children = (
				BAFFF176228019EC008C95DC /* Info-ios.plist */,
				BAFFF177228019EC008C95DC /* Info-watchos.plist */,
				BAFFF174228019C8008C95DC /* Info-osx.plist */,
				BAFFF169228017FD008C95DC /* ev3swift.h */,
				BAFFF17A22802F37008C95DC /* HelloWorld.swift */,
				BAFFF185228045C2008C95DC /* ev3 */,
			);
			path = Sources;
			sourceTree = "<group>";
		};
		BAFFF17E22803E71008C95DC /* Frameworks */ = {
			isa = PBXGroup;
			children = (
				BA47B7D12280941C00C6AFBB /* PlaygroundSupport.framework */,
				BA47B7D32280942600C6AFBB /* PlaygroundSupport.framework */,
				BA47B7D52280943100C6AFBB /* PlaygroundSupport.framework */,
				BAFFF18322803E9B008C95DC /* Cocoa.framework */,
				BAFFF18122803E7C008C95DC /* UIKit.framework */,
				BAFFF17F22803E71008C95DC /* UIKit.framework */,
			);
			name = Frameworks;
			sourceTree = "<group>";
		};
		BAFFF185228045C2008C95DC /* ev3 */ = {
			isa = PBXGroup;
			children = (
				BAFFF19B228045C2008C95DC /* BlockCondition.swift */,
				BAFFF186228045C2008C95DC /* BlockCondition+PlaygroundValue.swift */,
				BAFFF1E3228045C2008C95DC /* BrickLightColor.swift */,
				BAFFF1E7228045C2008C95DC /* BrickLightMode.swift */,
				BAFFF1DB228045C2008C95DC /* BytecodeEncodable.swift */,
				BAFFF1A9228045C2008C95DC /* BytecodeEncodable+PlaygroundValue.swift */,
				BAFFF1DD228045C2008C95DC /* ColorValue.swift */,
				BAFFF1C2228045C2008C95DC /* Command.swift */,
				BAFFF1C5228045C2008C95DC /* CommandManager.swift */,
				BAFFF1E5228045C2008C95DC /* CommandType.swift */,
				BAFFF1DF228045C2008C95DC /* Comparable+clamped.swift */,
				BAFFF19F228045C2008C95DC /* ConnectionDataLogger.swift */,
				BAFFF1F5228045C2008C95DC /* ConnectionTypeByteCodes.swift */,
				BAFFF1D8228045C2008C95DC /* DisplayColor.swift */,
				BAFFF187228045C2008C95DC /* DisplayFont.swift */,
				BAFFF19C228045C2008C95DC /* DrawCommand.swift */,
				BAFFF1E8228045C2008C95DC /* DrawCommand+PlaygroundValue.swift */,
				BAFFF1FB228045C2008C95DC /* GridLineType.swift */,
				BAFFF1A0228045C2008C95DC /* Icon.swift */,
				BAFFF1AD228045C2008C95DC /* IconType.swift */,
				BAFFF1A7228045C2008C95DC /* ImageName.swift */,
				BAFFF1E9228045C2008C95DC /* InputDeviceCommand.swift */,
				BAFFF188228045C2008C95DC /* InputDeviceCommand+PlaygroundValue.swift */,
				BAFFF1EE228045C2008C95DC /* InputPort.swift */,
				BAFFF192228045C2008C95DC /* LiveViewController+MessageHandler.swift */,
				BAFFF191228045C2008C95DC /* LiveViewMessageKey.swift */,
				BAFFF194228045C2008C95DC /* Logging.swift */,
				BAFFF193228045C2008C95DC /* MockLiveViewProxy.swift */,
				BA424CDC2338BBF800B3BA3A /* PortType.swift */,
				BAFFF1D7228045C2008C95DC /* MotorType.swift */,
				BAFFF1D3228045C2008C95DC /* Note.swift */,
				BAFFF1F7228045C2008C95DC /* Operation.swift */,
				BAFFF1F9228045C2008C95DC /* Operation+Parameters.swift */,
				BAFFF1BB228045C2008C95DC /* Operation+PlaygroundValue.swift */,
				BAFFF1A4228045C2008C95DC /* OutputPort.swift */,
				BAFFF18C228045C2008C95DC /* ParameterCommand.swift */,
				BAFFF1D6228045C2008C95DC /* PixelLocation.swift */,
				BAFFF1C6228045C2008C95DC /* PixelSize.swift */,
				BAFFF1B0228045C2008C95DC /* PlatesViewController+BrickActionsViewControllerDelegate.swift */,
				BAFFF1C4228045C2008C95DC /* PlaygroundPageSupport.swift */,
				BAFFF1B8228045C2008C95DC /* PlaygroundValueAccessor.swift */,
				BAFFF199228045C2008C95DC /* Port.swift */,
				BAFFF1A8228045C2008C95DC /* PortData.swift */,
				BAFFF1A3228045C2008C95DC /* PortMode.swift */,
				BAFFF18B228045C2008C95DC /* Random.swift */,
				BAFFF196228045C2008C95DC /* ReplyOperation.swift */,
				BAFFF1A5228045C2008C95DC /* ReplyOperation+Parameters.swift */,
				BAFFF18F228045C2008C95DC /* ReplyOperation+PlaygroundValue.swift */,
				BAFFF1E6228045C2008C95DC /* ReplyOperation+Reading.swift */,
				BAFFF1F2228045C2008C95DC /* ReplyOperationReply.swift */,
				BAFFF1EA228045C2008C95DC /* ReplyOperationReply+PlaygroundValue.swift */,
				BAFFF1F3228045C2008C95DC /* Robot.swift */,
				BAFFF1CE228045C2008C95DC /* Robot+ProxyDelegate.swift */,
				BAFFF1EB228045C2008C95DC /* RobotAPI.swift */,
				BAFFF1FC228045C2008C95DC /* RobotDisplayMethods.swift */,
				BAFFF1D1228045C2008C95DC /* RobotError.swift */,
				BAFFF1D5228045C2008C95DC /* RobotInputMethods.swift */,
				BAFFF1AA228045C2008C95DC /* RobotOutputMethods.swift */,
				BAFFF195228045C2008C95DC /* RobotWaitForMethods.swift */,
				BAFFF1BD228045C2008C95DC /* SoundCommand.swift */,
				BAFFF1CA228045C2008C95DC /* SoundCommand+PlaygroundValue.swift */,
				BAFFF19A228045C2008C95DC /* SoundFile.swift */,
				BAFFF1F0228045C2008C95DC /* SoundStyle.swift */,
				BAFFF1BE228045C2008C95DC /* UserCodeState.swift */,
				BAFFF1E0228045C2008C95DC /* VariableWidthData.swift */,
				BAFFF1A1228045C2008C95DC /* WriteCommand.swift */,
				BAFFF1AE228045C2008C95DC /* WriteCommand+PlaygroundValue.swift */,
			);
			path = ev3;
			sourceTree = "<group>";
		};
/* End PBXGroup section */

/* Begin PBXHeadersBuildPhase section */
		BAFFF14722801782008C95DC /* Headers */ = {
			isa = PBXHeadersBuildPhase;
			buildActionMask = 2147483647;
			files = (
				BAFFF17922801B9B008C95DC /* ev3swift.h in Headers */,
			);
			runOnlyForDeploymentPostprocessing = 0;
		};
		BAFFF155228017B1008C95DC /* Headers */ = {
			isa = PBXHeadersBuildPhase;
			buildActionMask = 2147483647;
			files = (
				BAFFF17822801B9B008C95DC /* ev3swift.h in Headers */,
			);
			runOnlyForDeploymentPostprocessing = 0;
		};
		BAFFF162228017FD008C95DC /* Headers */ = {
			isa = PBXHeadersBuildPhase;
			buildActionMask = 2147483647;
			files = (
				BAFFF16B228017FD008C95DC /* ev3swift.h in Headers */,
			);
			runOnlyForDeploymentPostprocessing = 0;
		};
/* End PBXHeadersBuildPhase section */

/* Begin PBXNativeTarget section */
		BAFFF14B22801782008C95DC /* ev3swift-ios */ = {
			isa = PBXNativeTarget;
			buildConfigurationList = BAFFF15422801782008C95DC /* Build configuration list for PBXNativeTarget "ev3swift-ios" */;
			buildPhases = (
				BAFFF14722801782008C95DC /* Headers */,
				BAFFF14822801782008C95DC /* Sources */,
				BAFFF14922801782008C95DC /* Frameworks */,
				BAFFF14A22801782008C95DC /* Resources */,
			);
			buildRules = (
			);
			dependencies = (
			);
			name = "ev3swift-ios";
			productName = "ev3swift-ios";
			productReference = BAFFF14C22801782008C95DC /* ev3swift.framework */;
			productType = "com.apple.product-type.framework";
		};
		BAFFF159228017B1008C95DC /* ev3swift-watchos */ = {
			isa = PBXNativeTarget;
			buildConfigurationList = BAFFF15F228017B1008C95DC /* Build configuration list for PBXNativeTarget "ev3swift-watchos" */;
			buildPhases = (
				BAFFF155228017B1008C95DC /* Headers */,
				BAFFF156228017B1008C95DC /* Sources */,
				BAFFF157228017B1008C95DC /* Frameworks */,
				BAFFF158228017B1008C95DC /* Resources */,
			);
			buildRules = (
			);
			dependencies = (
			);
			name = "ev3swift-watchos";
			productName = "ev3swift-watchos";
			productReference = BAFFF15A228017B1008C95DC /* ev3swift.framework */;
			productType = "com.apple.product-type.framework";
		};
		BAFFF166228017FD008C95DC /* ev3swift-osx */ = {
			isa = PBXNativeTarget;
			buildConfigurationList = BAFFF16C228017FD008C95DC /* Build configuration list for PBXNativeTarget "ev3swift-osx" */;
			buildPhases = (
				BAFFF162228017FD008C95DC /* Headers */,
				BAFFF163228017FD008C95DC /* Sources */,
				BAFFF164228017FD008C95DC /* Frameworks */,
				BAFFF165228017FD008C95DC /* Resources */,
			);
			buildRules = (
			);
			dependencies = (
			);
			name = "ev3swift-osx";
			productName = "ev3swift-osx";
			productReference = BAFFF167228017FD008C95DC /* ev3swift.framework */;
			productType = "com.apple.product-type.framework";
		};
/* End PBXNativeTarget section */

/* Begin PBXProject section */
		BAFFF141228012BA008C95DC /* Project object */ = {
			isa = PBXProject;
			attributes = {
				LastUpgradeCheck = 1020;
				TargetAttributes = {
					BAFFF14B22801782008C95DC = {
						CreatedOnToolsVersion = 10.2.1;
						LastSwiftMigration = 1020;
					};
					BAFFF159228017B1008C95DC = {
						CreatedOnToolsVersion = 10.2.1;
						LastSwiftMigration = 1020;
					};
					BAFFF166228017FD008C95DC = {
						CreatedOnToolsVersion = 10.2.1;
						LastSwiftMigration = 1020;
					};
				};
			};
			buildConfigurationList = BAFFF144228012BA008C95DC /* Build configuration list for PBXProject "ev3swift" */;
			compatibilityVersion = "Xcode 9.3";
			developmentRegion = en;
			hasScannedForEncodings = 0;
			knownRegions = (
				en,
			);
			mainGroup = BAFFF140228012BA008C95DC;
			productRefGroup = BAFFF14D22801782008C95DC /* Products */;
			projectDirPath = "";
			projectRoot = "";
			targets = (
				BAFFF14B22801782008C95DC /* ev3swift-ios */,
				BAFFF159228017B1008C95DC /* ev3swift-watchos */,
				BAFFF166228017FD008C95DC /* ev3swift-osx */,
			);
		};
/* End PBXProject section */

/* Begin PBXResourcesBuildPhase section */
		BAFFF14A22801782008C95DC /* Resources */ = {
			isa = PBXResourcesBuildPhase;
			buildActionMask = 2147483647;
			files = (
			);
			runOnlyForDeploymentPostprocessing = 0;
		};
		BAFFF158228017B1008C95DC /* Resources */ = {
			isa = PBXResourcesBuildPhase;
			buildActionMask = 2147483647;
			files = (
			);
			runOnlyForDeploymentPostprocessing = 0;
		};
		BAFFF165228017FD008C95DC /* Resources */ = {
			isa = PBXResourcesBuildPhase;
			buildActionMask = 2147483647;
			files = (
			);
			runOnlyForDeploymentPostprocessing = 0;
		};
/* End PBXResourcesBuildPhase section */

/* Begin PBXSourcesBuildPhase section */
		BAFFF14822801782008C95DC /* Sources */ = {
			isa = PBXSourcesBuildPhase;
			buildActionMask = 2147483647;
			files = (
				BAFFF263228045C2008C95DC /* PortData.swift in Sources */,
				BAFFF1FD228045C2008C95DC /* BlockCondition+PlaygroundValue.swift in Sources */,
				BAFFF30B228045C2008C95DC /* VariableWidthData.swift in Sources */,
				BAFFF31D228045C2008C95DC /* ReplyOperation+Reading.swift in Sources */,
				BAFFF25A228045C2008C95DC /* ReplyOperation+Parameters.swift in Sources */,
				BAFFF257228045C2008C95DC /* OutputPort.swift in Sources */,
				BAFFF2A2228045C2008C95DC /* SoundCommand.swift in Sources */,
				BAFFF350228045C2008C95DC /* Operation.swift in Sources */,
				BAFFF20F228045C2008C95DC /* ParameterCommand.swift in Sources */,
				BAFFF24B228045C2008C95DC /* Icon.swift in Sources */,
				BAFFF22A228045C2008C95DC /* RobotWaitForMethods.swift in Sources */,
				BAFFF200228045C2008C95DC /* DisplayFont.swift in Sources */,
				BAFFF17B22802F37008C95DC /* HelloWorld.swift in Sources */,
				BAFFF272228045C2008C95DC /* IconType.swift in Sources */,
				BAFFF302228045C2008C95DC /* ColorValue.swift in Sources */,
				BAFFF33B228045C2008C95DC /* SoundStyle.swift in Sources */,
				BAFFF335228045C2008C95DC /* InputPort.swift in Sources */,
				BAFFF32C228045C2008C95DC /* RobotAPI.swift in Sources */,
				BAFFF275228045C2008C95DC /* WriteCommand+PlaygroundValue.swift in Sources */,
				BAFFF2FC228045C2008C95DC /* BytecodeEncodable.swift in Sources */,
				BAFFF236228045C2008C95DC /* Port.swift in Sources */,
				BAFFF35C228045C2008C95DC /* GridLineType.swift in Sources */,
				BAFFF2F3228045C2008C95DC /* DisplayColor.swift in Sources */,
				BAFFF356228045C2008C95DC /* Operation+Parameters.swift in Sources */,
				BAFFF218228045C2008C95DC /* ReplyOperation+PlaygroundValue.swift in Sources */,
				BAFFF2B7228045C2008C95DC /* PlaygroundPageSupport.swift in Sources */,
				BAFFF2ED228045C2008C95DC /* PixelLocation.swift in Sources */,
				BAFFF23F228045C2008C95DC /* DrawCommand.swift in Sources */,
				BA424CDD2338BBF800B3BA3A /* PortType.swift in Sources */,
				BAFFF22D228045C2008C95DC /* ReplyOperation.swift in Sources */,
				BAFFF308228045C2008C95DC /* Comparable+clamped.swift in Sources */,
				BAFFF224228045C2008C95DC /* MockLiveViewProxy.swift in Sources */,
				BAFFF2BD228045C2008C95DC /* PixelSize.swift in Sources */,
				BAFFF260228045C2008C95DC /* ImageName.swift in Sources */,
				BAFFF269228045C2008C95DC /* RobotOutputMethods.swift in Sources */,
				BAFFF323228045C2008C95DC /* DrawCommand+PlaygroundValue.swift in Sources */,
				BAFFF2B1228045C2008C95DC /* Command.swift in Sources */,
				BAFFF266228045C2008C95DC /* BytecodeEncodable+PlaygroundValue.swift in Sources */,
				BAFFF24E228045C2008C95DC /* WriteCommand.swift in Sources */,
				BAFFF2C9228045C2008C95DC /* SoundCommand+PlaygroundValue.swift in Sources */,
				BAFFF203228045C2008C95DC /* InputDeviceCommand+PlaygroundValue.swift in Sources */,
				BAFFF314228045C2008C95DC /* BrickLightColor.swift in Sources */,
				BAFFF2EA228045C2008C95DC /* RobotInputMethods.swift in Sources */,
				BAFFF20C228045C2008C95DC /* Random.swift in Sources */,
				BAFFF27B228045C2008C95DC /* PlatesViewController+BrickActionsViewControllerDelegate.swift in Sources */,
				BAFFF2F0228045C2008C95DC /* MotorType.swift in Sources */,
				BAFFF248228045C2008C95DC /* ConnectionDataLogger.swift in Sources */,
				BAFFF2D5228045C2008C95DC /* Robot+ProxyDelegate.swift in Sources */,
				BAFFF341228045C2008C95DC /* ReplyOperationReply.swift in Sources */,
				BAFFF2DE228045C2008C95DC /* RobotError.swift in Sources */,
				BAFFF239228045C2008C95DC /* SoundFile.swift in Sources */,
				BAFFF254228045C2008C95DC /* PortMode.swift in Sources */,
				BAFFF29C228045C2008C95DC /* Operation+PlaygroundValue.swift in Sources */,
				BAFFF320228045C2008C95DC /* BrickLightMode.swift in Sources */,
				BAFFF329228045C2008C95DC /* ReplyOperationReply+PlaygroundValue.swift in Sources */,
				BAFFF2BA228045C2008C95DC /* CommandManager.swift in Sources */,
				BAFFF23C228045C2008C95DC /* BlockCondition.swift in Sources */,
				BAFFF2E4228045C2008C95DC /* Note.swift in Sources */,
				BAFFF326228045C2008C95DC /* InputDeviceCommand.swift in Sources */,
				BAFFF34A228045C2008C95DC /* ConnectionTypeByteCodes.swift in Sources */,
				BAFFF35F228045C2008C95DC /* RobotDisplayMethods.swift in Sources */,
				BAFFF293228045C2008C95DC /* PlaygroundValueAccessor.swift in Sources */,
				BAFFF344228045C2008C95DC /* Robot.swift in Sources */,
				BAFFF2A5228045C2008C95DC /* UserCodeState.swift in Sources */,
				BAFFF21E228045C2008C95DC /* LiveViewMessageKey.swift in Sources */,
				BAFFF31A228045C2008C95DC /* CommandType.swift in Sources */,
				BAFFF221228045C2008C95DC /* LiveViewController+MessageHandler.swift in Sources */,
				BAFFF227228045C2008C95DC /* Logging.swift in Sources */,
			);
			runOnlyForDeploymentPostprocessing = 0;
		};
		BAFFF156228017B1008C95DC /* Sources */ = {
			isa = PBXSourcesBuildPhase;
			buildActionMask = 2147483647;
			files = (
				BAFFF264228045C2008C95DC /* PortData.swift in Sources */,
				BAFFF1FE228045C2008C95DC /* BlockCondition+PlaygroundValue.swift in Sources */,
				BAFFF30C228045C2008C95DC /* VariableWidthData.swift in Sources */,
				BAFFF31E228045C2008C95DC /* ReplyOperation+Reading.swift in Sources */,
				BAFFF25B228045C2008C95DC /* ReplyOperation+Parameters.swift in Sources */,
				BAFFF258228045C2008C95DC /* OutputPort.swift in Sources */,
				BAFFF2A3228045C2008C95DC /* SoundCommand.swift in Sources */,
				BAFFF351228045C2008C95DC /* Operation.swift in Sources */,
				BAFFF210228045C2008C95DC /* ParameterCommand.swift in Sources */,
				BAFFF24C228045C2008C95DC /* Icon.swift in Sources */,
				BAFFF22B228045C2008C95DC /* RobotWaitForMethods.swift in Sources */,
				BAFFF201228045C2008C95DC /* DisplayFont.swift in Sources */,
				BAFFF17C22802F37008C95DC /* HelloWorld.swift in Sources */,
				BAFFF273228045C2008C95DC /* IconType.swift in Sources */,
				BAFFF303228045C2008C95DC /* ColorValue.swift in Sources */,
				BAFFF33C228045C2008C95DC /* SoundStyle.swift in Sources */,
				BAFFF336228045C2008C95DC /* InputPort.swift in Sources */,
				BAFFF32D228045C2008C95DC /* RobotAPI.swift in Sources */,
				BAFFF276228045C2008C95DC /* WriteCommand+PlaygroundValue.swift in Sources */,
				BAFFF2FD228045C2008C95DC /* BytecodeEncodable.swift in Sources */,
				BAFFF237228045C2008C95DC /* Port.swift in Sources */,
				BAFFF35D228045C2008C95DC /* GridLineType.swift in Sources */,
				BAFFF2F4228045C2008C95DC /* DisplayColor.swift in Sources */,
				BAFFF357228045C2008C95DC /* Operation+Parameters.swift in Sources */,
				BAFFF219228045C2008C95DC /* ReplyOperation+PlaygroundValue.swift in Sources */,
				BAFFF2B8228045C2008C95DC /* PlaygroundPageSupport.swift in Sources */,
				BAFFF2EE228045C2008C95DC /* PixelLocation.swift in Sources */,
				BAFFF240228045C2008C95DC /* DrawCommand.swift in Sources */,
				BA424CDE2338BBF800B3BA3A /* PortType.swift in Sources */,
				BAFFF22E228045C2008C95DC /* ReplyOperation.swift in Sources */,
				BAFFF309228045C2008C95DC /* Comparable+clamped.swift in Sources */,
				BAFFF225228045C2008C95DC /* MockLiveViewProxy.swift in Sources */,
				BAFFF2BE228045C2008C95DC /* PixelSize.swift in Sources */,
				BAFFF261228045C2008C95DC /* ImageName.swift in Sources */,
				BAFFF26A228045C2008C95DC /* RobotOutputMethods.swift in Sources */,
				BAFFF324228045C2008C95DC /* DrawCommand+PlaygroundValue.swift in Sources */,
				BAFFF2B2228045C2008C95DC /* Command.swift in Sources */,
				BAFFF267228045C2008C95DC /* BytecodeEncodable+PlaygroundValue.swift in Sources */,
				BAFFF24F228045C2008C95DC /* WriteCommand.swift in Sources */,
				BAFFF2CA228045C2008C95DC /* SoundCommand+PlaygroundValue.swift in Sources */,
				BAFFF204228045C2008C95DC /* InputDeviceCommand+PlaygroundValue.swift in Sources */,
				BAFFF315228045C2008C95DC /* BrickLightColor.swift in Sources */,
				BAFFF2EB228045C2008C95DC /* RobotInputMethods.swift in Sources */,
				BAFFF20D228045C2008C95DC /* Random.swift in Sources */,
				BAFFF27C228045C2008C95DC /* PlatesViewController+BrickActionsViewControllerDelegate.swift in Sources */,
				BAFFF2F1228045C2008C95DC /* MotorType.swift in Sources */,
				BAFFF249228045C2008C95DC /* ConnectionDataLogger.swift in Sources */,
				BAFFF2D6228045C2008C95DC /* Robot+ProxyDelegate.swift in Sources */,
				BAFFF342228045C2008C95DC /* ReplyOperationReply.swift in Sources */,
				BAFFF2DF228045C2008C95DC /* RobotError.swift in Sources */,
				BAFFF23A228045C2008C95DC /* SoundFile.swift in Sources */,
				BAFFF255228045C2008C95DC /* PortMode.swift in Sources */,
				BAFFF29D228045C2008C95DC /* Operation+PlaygroundValue.swift in Sources */,
				BAFFF321228045C2008C95DC /* BrickLightMode.swift in Sources */,
				BAFFF32A228045C2008C95DC /* ReplyOperationReply+PlaygroundValue.swift in Sources */,
				BAFFF2BB228045C2008C95DC /* CommandManager.swift in Sources */,
				BAFFF23D228045C2008C95DC /* BlockCondition.swift in Sources */,
				BAFFF2E5228045C2008C95DC /* Note.swift in Sources */,
				BAFFF327228045C2008C95DC /* InputDeviceCommand.swift in Sources */,
				BAFFF34B228045C2008C95DC /* ConnectionTypeByteCodes.swift in Sources */,
				BAFFF360228045C2008C95DC /* RobotDisplayMethods.swift in Sources */,
				BAFFF294228045C2008C95DC /* PlaygroundValueAccessor.swift in Sources */,
				BAFFF345228045C2008C95DC /* Robot.swift in Sources */,
				BAFFF2A6228045C2008C95DC /* UserCodeState.swift in Sources */,
				BAFFF21F228045C2008C95DC /* LiveViewMessageKey.swift in Sources */,
				BAFFF31B228045C2008C95DC /* CommandType.swift in Sources */,
				BAFFF222228045C2008C95DC /* LiveViewController+MessageHandler.swift in Sources */,
				BAFFF228228045C2008C95DC /* Logging.swift in Sources */,
			);
			runOnlyForDeploymentPostprocessing = 0;
		};
		BAFFF163228017FD008C95DC /* Sources */ = {
			isa = PBXSourcesBuildPhase;
			buildActionMask = 2147483647;
			files = (
				BAFFF265228045C2008C95DC /* PortData.swift in Sources */,
				BAFFF1FF228045C2008C95DC /* BlockCondition+PlaygroundValue.swift in Sources */,
				BAFFF30D228045C2008C95DC /* VariableWidthData.swift in Sources */,
				BAFFF31F228045C2008C95DC /* ReplyOperation+Reading.swift in Sources */,
				BAFFF25C228045C2008C95DC /* ReplyOperation+Parameters.swift in Sources */,
				BAFFF259228045C2008C95DC /* OutputPort.swift in Sources */,
				BAFFF2A4228045C2008C95DC /* SoundCommand.swift in Sources */,
				BAFFF352228045C2008C95DC /* Operation.swift in Sources */,
				BAFFF211228045C2008C95DC /* ParameterCommand.swift in Sources */,
				BAFFF24D228045C2008C95DC /* Icon.swift in Sources */,
				BAFFF22C228045C2008C95DC /* RobotWaitForMethods.swift in Sources */,
				BAFFF202228045C2008C95DC /* DisplayFont.swift in Sources */,
				BAFFF17D22802F37008C95DC /* HelloWorld.swift in Sources */,
				BAFFF274228045C2008C95DC /* IconType.swift in Sources */,
				BAFFF304228045C2008C95DC /* ColorValue.swift in Sources */,
				BAFFF33D228045C2008C95DC /* SoundStyle.swift in Sources */,
				BAFFF337228045C2008C95DC /* InputPort.swift in Sources */,
				BAFFF32E228045C2008C95DC /* RobotAPI.swift in Sources */,
				BAFFF277228045C2008C95DC /* WriteCommand+PlaygroundValue.swift in Sources */,
				BAFFF2FE228045C2008C95DC /* BytecodeEncodable.swift in Sources */,
				BAFFF238228045C2008C95DC /* Port.swift in Sources */,
				BAFFF35E228045C2008C95DC /* GridLineType.swift in Sources */,
				BAFFF2F5228045C2008C95DC /* DisplayColor.swift in Sources */,
				BAFFF358228045C2008C95DC /* Operation+Parameters.swift in Sources */,
				BAFFF21A228045C2008C95DC /* ReplyOperation+PlaygroundValue.swift in Sources */,
				BAFFF2B9228045C2008C95DC /* PlaygroundPageSupport.swift in Sources */,
				BAFFF2EF228045C2008C95DC /* PixelLocation.swift in Sources */,
				BAFFF241228045C2008C95DC /* DrawCommand.swift in Sources */,
				BA424CDF2338BBF800B3BA3A /* PortType.swift in Sources */,
				BAFFF22F228045C2008C95DC /* ReplyOperation.swift in Sources */,
				BAFFF30A228045C2008C95DC /* Comparable+clamped.swift in Sources */,
				BAFFF226228045C2008C95DC /* MockLiveViewProxy.swift in Sources */,
				BAFFF2BF228045C2008C95DC /* PixelSize.swift in Sources */,
				BAFFF262228045C2008C95DC /* ImageName.swift in Sources */,
				BAFFF26B228045C2008C95DC /* RobotOutputMethods.swift in Sources */,
				BAFFF325228045C2008C95DC /* DrawCommand+PlaygroundValue.swift in Sources */,
				BAFFF2B3228045C2008C95DC /* Command.swift in Sources */,
				BAFFF268228045C2008C95DC /* BytecodeEncodable+PlaygroundValue.swift in Sources */,
				BAFFF250228045C2008C95DC /* WriteCommand.swift in Sources */,
				BAFFF2CB228045C2008C95DC /* SoundCommand+PlaygroundValue.swift in Sources */,
				BAFFF205228045C2008C95DC /* InputDeviceCommand+PlaygroundValue.swift in Sources */,
				BAFFF316228045C2008C95DC /* BrickLightColor.swift in Sources */,
				BAFFF2EC228045C2008C95DC /* RobotInputMethods.swift in Sources */,
				BAFFF20E228045C2008C95DC /* Random.swift in Sources */,
				BAFFF27D228045C2008C95DC /* PlatesViewController+BrickActionsViewControllerDelegate.swift in Sources */,
				BAFFF2F2228045C2008C95DC /* MotorType.swift in Sources */,
				BAFFF24A228045C2008C95DC /* ConnectionDataLogger.swift in Sources */,
				BAFFF2D7228045C2008C95DC /* Robot+ProxyDelegate.swift in Sources */,
				BAFFF343228045C2008C95DC /* ReplyOperationReply.swift in Sources */,
				BAFFF2E0228045C2008C95DC /* RobotError.swift in Sources */,
				BAFFF23B228045C2008C95DC /* SoundFile.swift in Sources */,
				BAFFF256228045C2008C95DC /* PortMode.swift in Sources */,
				BAFFF29E228045C2008C95DC /* Operation+PlaygroundValue.swift in Sources */,
				BAFFF322228045C2008C95DC /* BrickLightMode.swift in Sources */,
				BAFFF32B228045C2008C95DC /* ReplyOperationReply+PlaygroundValue.swift in Sources */,
				BAFFF2BC228045C2008C95DC /* CommandManager.swift in Sources */,
				BAFFF23E228045C2008C95DC /* BlockCondition.swift in Sources */,
				BAFFF2E6228045C2008C95DC /* Note.swift in Sources */,
				BAFFF328228045C2008C95DC /* InputDeviceCommand.swift in Sources */,
				BAFFF34C228045C2008C95DC /* ConnectionTypeByteCodes.swift in Sources */,
				BAFFF361228045C2008C95DC /* RobotDisplayMethods.swift in Sources */,
				BAFFF295228045C2008C95DC /* PlaygroundValueAccessor.swift in Sources */,
				BAFFF346228045C2008C95DC /* Robot.swift in Sources */,
				BAFFF2A7228045C2008C95DC /* UserCodeState.swift in Sources */,
				BAFFF220228045C2008C95DC /* LiveViewMessageKey.swift in Sources */,
				BAFFF31C228045C2008C95DC /* CommandType.swift in Sources */,
				BAFFF223228045C2008C95DC /* LiveViewController+MessageHandler.swift in Sources */,
				BAFFF229228045C2008C95DC /* Logging.swift in Sources */,
			);
			runOnlyForDeploymentPostprocessing = 0;
		};
/* End PBXSourcesBuildPhase section */

/* Begin XCBuildConfiguration section */
		BAFFF145228012BA008C95DC /* Debug */ = {
			isa = XCBuildConfiguration;
			buildSettings = {
				APPLICATION_EXTENSION_API_ONLY = YES;
				IPHONEOS_DEPLOYMENT_TARGET = 8.4;
				MACOSX_DEPLOYMENT_TARGET = 10.9;
				WATCHOS_DEPLOYMENT_TARGET = 2.0;
			};
			name = Debug;
		};
		BAFFF146228012BA008C95DC /* Release */ = {
			isa = XCBuildConfiguration;
			buildSettings = {
				APPLICATION_EXTENSION_API_ONLY = YES;
				IPHONEOS_DEPLOYMENT_TARGET = 8.4;
				MACOSX_DEPLOYMENT_TARGET = 10.9;
				WATCHOS_DEPLOYMENT_TARGET = 2.0;
			};
			name = Release;
		};
		BAFFF15222801782008C95DC /* Debug */ = {
			isa = XCBuildConfiguration;
			buildSettings = {
				ALWAYS_SEARCH_USER_PATHS = NO;
				CLANG_ANALYZER_NONNULL = YES;
				CLANG_ANALYZER_NUMBER_OBJECT_CONVERSION = YES_AGGRESSIVE;
				CLANG_CXX_LANGUAGE_STANDARD = "gnu++14";
				CLANG_CXX_LIBRARY = "libc++";
				CLANG_ENABLE_MODULES = YES;
				CLANG_ENABLE_OBJC_ARC = YES;
				CLANG_ENABLE_OBJC_WEAK = YES;
				CLANG_WARN_BLOCK_CAPTURE_AUTORELEASING = YES;
				CLANG_WARN_BOOL_CONVERSION = YES;
				CLANG_WARN_COMMA = YES;
				CLANG_WARN_CONSTANT_CONVERSION = YES;
				CLANG_WARN_DEPRECATED_OBJC_IMPLEMENTATIONS = YES;
				CLANG_WARN_DIRECT_OBJC_ISA_USAGE = YES_ERROR;
				CLANG_WARN_DOCUMENTATION_COMMENTS = YES;
				CLANG_WARN_EMPTY_BODY = YES;
				CLANG_WARN_ENUM_CONVERSION = YES;
				CLANG_WARN_INFINITE_RECURSION = YES;
				CLANG_WARN_INT_CONVERSION = YES;
				CLANG_WARN_NON_LITERAL_NULL_CONVERSION = YES;
				CLANG_WARN_OBJC_IMPLICIT_RETAIN_SELF = YES;
				CLANG_WARN_OBJC_LITERAL_CONVERSION = YES;
				CLANG_WARN_OBJC_ROOT_CLASS = YES_ERROR;
				CLANG_WARN_RANGE_LOOP_ANALYSIS = YES;
				CLANG_WARN_STRICT_PROTOTYPES = YES;
				CLANG_WARN_SUSPICIOUS_MOVE = YES;
				CLANG_WARN_UNGUARDED_AVAILABILITY = YES_AGGRESSIVE;
				CLANG_WARN_UNREACHABLE_CODE = YES;
				CLANG_WARN__DUPLICATE_METHOD_MATCH = YES;
				CODE_SIGN_IDENTITY = "iPhone Developer";
				CODE_SIGN_STYLE = Automatic;
				COPY_PHASE_STRIP = NO;
				CURRENT_PROJECT_VERSION = 1;
				DEBUG_INFORMATION_FORMAT = dwarf;
				DEFINES_MODULE = YES;
				DEVELOPMENT_TEAM = QW4F92YYB6;
				DYLIB_COMPATIBILITY_VERSION = 1;
				DYLIB_CURRENT_VERSION = 1;
				DYLIB_INSTALL_NAME_BASE = "@rpath";
				ENABLE_STRICT_OBJC_MSGSEND = YES;
				ENABLE_TESTABILITY = YES;
				FRAMEWORK_SEARCH_PATHS = (
					"$(inherited)",
					"$(PROJECT_DIR)/Carthage/Build/iOS",
				);
				GCC_C_LANGUAGE_STANDARD = gnu11;
				GCC_DYNAMIC_NO_PIC = NO;
				GCC_NO_COMMON_BLOCKS = YES;
				GCC_OPTIMIZATION_LEVEL = 0;
				GCC_PREPROCESSOR_DEFINITIONS = (
					"DEBUG=1",
					"$(inherited)",
				);
				GCC_WARN_64_TO_32_BIT_CONVERSION = YES;
				GCC_WARN_ABOUT_RETURN_TYPE = YES_ERROR;
				GCC_WARN_UNDECLARED_SELECTOR = YES;
				GCC_WARN_UNINITIALIZED_AUTOS = YES_AGGRESSIVE;
				GCC_WARN_UNUSED_FUNCTION = YES;
				GCC_WARN_UNUSED_VARIABLE = YES;
				INFOPLIST_FILE = "Sources/info-ios.plist";
				INSTALL_PATH = "$(LOCAL_LIBRARY_DIR)/Frameworks";
				IPHONEOS_DEPLOYMENT_TARGET = 8.4;
				LD_RUNPATH_SEARCH_PATHS = (
					"$(inherited)",
					"@executable_path/Frameworks",
					"@loader_path/Frameworks",
				);
				MACOSX_DEPLOYMENT_TARGET = 10.9;
				MTL_ENABLE_DEBUG_INFO = INCLUDE_SOURCE;
				MTL_FAST_MATH = YES;
				ONLY_ACTIVE_ARCH = YES;
				PRODUCT_BUNDLE_IDENTIFIER = "com.spotify.ev3swift-ios";
				PRODUCT_NAME = "$(PROJECT_NAME)";
				SDKROOT = iphoneos;
				SKIP_INSTALL = YES;
				SWIFT_ACTIVE_COMPILATION_CONDITIONS = DEBUG;
				SWIFT_OPTIMIZATION_LEVEL = "-Onone";
				SWIFT_VERSION = 5.0;
				TARGETED_DEVICE_FAMILY = "1,2";
				VERSIONING_SYSTEM = "apple-generic";
				VERSION_INFO_PREFIX = "";
			};
			name = Debug;
		};
		BAFFF15322801782008C95DC /* Release */ = {
			isa = XCBuildConfiguration;
			buildSettings = {
				ALWAYS_SEARCH_USER_PATHS = NO;
				CLANG_ANALYZER_NONNULL = YES;
				CLANG_ANALYZER_NUMBER_OBJECT_CONVERSION = YES_AGGRESSIVE;
				CLANG_CXX_LANGUAGE_STANDARD = "gnu++14";
				CLANG_CXX_LIBRARY = "libc++";
				CLANG_ENABLE_MODULES = YES;
				CLANG_ENABLE_OBJC_ARC = YES;
				CLANG_ENABLE_OBJC_WEAK = YES;
				CLANG_WARN_BLOCK_CAPTURE_AUTORELEASING = YES;
				CLANG_WARN_BOOL_CONVERSION = YES;
				CLANG_WARN_COMMA = YES;
				CLANG_WARN_CONSTANT_CONVERSION = YES;
				CLANG_WARN_DEPRECATED_OBJC_IMPLEMENTATIONS = YES;
				CLANG_WARN_DIRECT_OBJC_ISA_USAGE = YES_ERROR;
				CLANG_WARN_DOCUMENTATION_COMMENTS = YES;
				CLANG_WARN_EMPTY_BODY = YES;
				CLANG_WARN_ENUM_CONVERSION = YES;
				CLANG_WARN_INFINITE_RECURSION = YES;
				CLANG_WARN_INT_CONVERSION = YES;
				CLANG_WARN_NON_LITERAL_NULL_CONVERSION = YES;
				CLANG_WARN_OBJC_IMPLICIT_RETAIN_SELF = YES;
				CLANG_WARN_OBJC_LITERAL_CONVERSION = YES;
				CLANG_WARN_OBJC_ROOT_CLASS = YES_ERROR;
				CLANG_WARN_RANGE_LOOP_ANALYSIS = YES;
				CLANG_WARN_STRICT_PROTOTYPES = YES;
				CLANG_WARN_SUSPICIOUS_MOVE = YES;
				CLANG_WARN_UNGUARDED_AVAILABILITY = YES_AGGRESSIVE;
				CLANG_WARN_UNREACHABLE_CODE = YES;
				CLANG_WARN__DUPLICATE_METHOD_MATCH = YES;
				CODE_SIGN_IDENTITY = "iPhone Developer";
				CODE_SIGN_STYLE = Automatic;
				COPY_PHASE_STRIP = NO;
				CURRENT_PROJECT_VERSION = 1;
				DEBUG_INFORMATION_FORMAT = "dwarf-with-dsym";
				DEFINES_MODULE = YES;
				DEVELOPMENT_TEAM = QW4F92YYB6;
				DYLIB_COMPATIBILITY_VERSION = 1;
				DYLIB_CURRENT_VERSION = 1;
				DYLIB_INSTALL_NAME_BASE = "@rpath";
				ENABLE_NS_ASSERTIONS = NO;
				ENABLE_STRICT_OBJC_MSGSEND = YES;
				FRAMEWORK_SEARCH_PATHS = (
					"$(inherited)",
					"$(PROJECT_DIR)/Carthage/Build/iOS",
				);
				GCC_C_LANGUAGE_STANDARD = gnu11;
				GCC_NO_COMMON_BLOCKS = YES;
				GCC_WARN_64_TO_32_BIT_CONVERSION = YES;
				GCC_WARN_ABOUT_RETURN_TYPE = YES_ERROR;
				GCC_WARN_UNDECLARED_SELECTOR = YES;
				GCC_WARN_UNINITIALIZED_AUTOS = YES_AGGRESSIVE;
				GCC_WARN_UNUSED_FUNCTION = YES;
				GCC_WARN_UNUSED_VARIABLE = YES;
				INFOPLIST_FILE = "Sources/info-ios.plist";
				INSTALL_PATH = "$(LOCAL_LIBRARY_DIR)/Frameworks";
				IPHONEOS_DEPLOYMENT_TARGET = 8.4;
				LD_RUNPATH_SEARCH_PATHS = (
					"$(inherited)",
					"@executable_path/Frameworks",
					"@loader_path/Frameworks",
				);
				MACOSX_DEPLOYMENT_TARGET = 10.9;
				MTL_ENABLE_DEBUG_INFO = NO;
				MTL_FAST_MATH = YES;
				PRODUCT_BUNDLE_IDENTIFIER = "com.spotify.ev3swift-ios";
				PRODUCT_NAME = "$(PROJECT_NAME)";
				SDKROOT = iphoneos;
				SKIP_INSTALL = YES;
				SWIFT_COMPILATION_MODE = wholemodule;
				SWIFT_OPTIMIZATION_LEVEL = "-O";
				SWIFT_VERSION = 5.0;
				TARGETED_DEVICE_FAMILY = "1,2";
				VALIDATE_PRODUCT = YES;
				VERSIONING_SYSTEM = "apple-generic";
				VERSION_INFO_PREFIX = "";
			};
			name = Release;
		};
		BAFFF160228017B1008C95DC /* Debug */ = {
			isa = XCBuildConfiguration;
			buildSettings = {
				ALWAYS_SEARCH_USER_PATHS = NO;
				APPLICATION_EXTENSION_API_ONLY = YES;
				CLANG_ANALYZER_NONNULL = YES;
				CLANG_ANALYZER_NUMBER_OBJECT_CONVERSION = YES_AGGRESSIVE;
				CLANG_CXX_LANGUAGE_STANDARD = "gnu++14";
				CLANG_CXX_LIBRARY = "libc++";
				CLANG_ENABLE_MODULES = YES;
				CLANG_ENABLE_OBJC_ARC = YES;
				CLANG_ENABLE_OBJC_WEAK = YES;
				CLANG_WARN_BLOCK_CAPTURE_AUTORELEASING = YES;
				CLANG_WARN_BOOL_CONVERSION = YES;
				CLANG_WARN_COMMA = YES;
				CLANG_WARN_CONSTANT_CONVERSION = YES;
				CLANG_WARN_DEPRECATED_OBJC_IMPLEMENTATIONS = YES;
				CLANG_WARN_DIRECT_OBJC_ISA_USAGE = YES_ERROR;
				CLANG_WARN_DOCUMENTATION_COMMENTS = YES;
				CLANG_WARN_EMPTY_BODY = YES;
				CLANG_WARN_ENUM_CONVERSION = YES;
				CLANG_WARN_INFINITE_RECURSION = YES;
				CLANG_WARN_INT_CONVERSION = YES;
				CLANG_WARN_NON_LITERAL_NULL_CONVERSION = YES;
				CLANG_WARN_OBJC_IMPLICIT_RETAIN_SELF = YES;
				CLANG_WARN_OBJC_LITERAL_CONVERSION = YES;
				CLANG_WARN_OBJC_ROOT_CLASS = YES_ERROR;
				CLANG_WARN_RANGE_LOOP_ANALYSIS = YES;
				CLANG_WARN_STRICT_PROTOTYPES = YES;
				CLANG_WARN_SUSPICIOUS_MOVE = YES;
				CLANG_WARN_UNGUARDED_AVAILABILITY = YES_AGGRESSIVE;
				CLANG_WARN_UNREACHABLE_CODE = YES;
				CLANG_WARN__DUPLICATE_METHOD_MATCH = YES;
				CODE_SIGN_IDENTITY = "";
				CODE_SIGN_STYLE = Automatic;
				COPY_PHASE_STRIP = NO;
				CURRENT_PROJECT_VERSION = 1;
				DEBUG_INFORMATION_FORMAT = dwarf;
				DEFINES_MODULE = YES;
				DEVELOPMENT_TEAM = QW4F92YYB6;
				DYLIB_COMPATIBILITY_VERSION = 1;
				DYLIB_CURRENT_VERSION = 1;
				DYLIB_INSTALL_NAME_BASE = "@rpath";
				ENABLE_STRICT_OBJC_MSGSEND = YES;
				ENABLE_TESTABILITY = YES;
				FRAMEWORK_SEARCH_PATHS = (
					"$(inherited)",
					"$(PROJECT_DIR)/Carthage/Build/watchOS",
				);
				GCC_C_LANGUAGE_STANDARD = gnu11;
				GCC_DYNAMIC_NO_PIC = NO;
				GCC_NO_COMMON_BLOCKS = YES;
				GCC_OPTIMIZATION_LEVEL = 0;
				GCC_PREPROCESSOR_DEFINITIONS = (
					"DEBUG=1",
					"$(inherited)",
				);
				GCC_WARN_64_TO_32_BIT_CONVERSION = YES;
				GCC_WARN_ABOUT_RETURN_TYPE = YES_ERROR;
				GCC_WARN_UNDECLARED_SELECTOR = YES;
				GCC_WARN_UNINITIALIZED_AUTOS = YES_AGGRESSIVE;
				GCC_WARN_UNUSED_FUNCTION = YES;
				GCC_WARN_UNUSED_VARIABLE = YES;
				INFOPLIST_FILE = "Sources/info-watchos.plist";
				INSTALL_PATH = "$(LOCAL_LIBRARY_DIR)/Frameworks";
				LD_RUNPATH_SEARCH_PATHS = (
					"$(inherited)",
					"@executable_path/Frameworks",
					"@loader_path/Frameworks",
				);
				MACOSX_DEPLOYMENT_TARGET = 10.9;
				MTL_ENABLE_DEBUG_INFO = INCLUDE_SOURCE;
				MTL_FAST_MATH = YES;
				ONLY_ACTIVE_ARCH = YES;
				PRODUCT_BUNDLE_IDENTIFIER = "com.spotify.ev3swift-watchos";
				PRODUCT_NAME = "$(PROJECT_NAME)";
				SDKROOT = watchos;
				SKIP_INSTALL = YES;
				SWIFT_ACTIVE_COMPILATION_CONDITIONS = DEBUG;
				SWIFT_OPTIMIZATION_LEVEL = "-Onone";
				SWIFT_VERSION = 5.0;
				TARGETED_DEVICE_FAMILY = 4;
				VERSIONING_SYSTEM = "apple-generic";
				VERSION_INFO_PREFIX = "";
				WATCHOS_DEPLOYMENT_TARGET = 2.0;
			};
			name = Debug;
		};
		BAFFF161228017B1008C95DC /* Release */ = {
			isa = XCBuildConfiguration;
			buildSettings = {
				ALWAYS_SEARCH_USER_PATHS = NO;
				APPLICATION_EXTENSION_API_ONLY = YES;
				CLANG_ANALYZER_NONNULL = YES;
				CLANG_ANALYZER_NUMBER_OBJECT_CONVERSION = YES_AGGRESSIVE;
				CLANG_CXX_LANGUAGE_STANDARD = "gnu++14";
				CLANG_CXX_LIBRARY = "libc++";
				CLANG_ENABLE_MODULES = YES;
				CLANG_ENABLE_OBJC_ARC = YES;
				CLANG_ENABLE_OBJC_WEAK = YES;
				CLANG_WARN_BLOCK_CAPTURE_AUTORELEASING = YES;
				CLANG_WARN_BOOL_CONVERSION = YES;
				CLANG_WARN_COMMA = YES;
				CLANG_WARN_CONSTANT_CONVERSION = YES;
				CLANG_WARN_DEPRECATED_OBJC_IMPLEMENTATIONS = YES;
				CLANG_WARN_DIRECT_OBJC_ISA_USAGE = YES_ERROR;
				CLANG_WARN_DOCUMENTATION_COMMENTS = YES;
				CLANG_WARN_EMPTY_BODY = YES;
				CLANG_WARN_ENUM_CONVERSION = YES;
				CLANG_WARN_INFINITE_RECURSION = YES;
				CLANG_WARN_INT_CONVERSION = YES;
				CLANG_WARN_NON_LITERAL_NULL_CONVERSION = YES;
				CLANG_WARN_OBJC_IMPLICIT_RETAIN_SELF = YES;
				CLANG_WARN_OBJC_LITERAL_CONVERSION = YES;
				CLANG_WARN_OBJC_ROOT_CLASS = YES_ERROR;
				CLANG_WARN_RANGE_LOOP_ANALYSIS = YES;
				CLANG_WARN_STRICT_PROTOTYPES = YES;
				CLANG_WARN_SUSPICIOUS_MOVE = YES;
				CLANG_WARN_UNGUARDED_AVAILABILITY = YES_AGGRESSIVE;
				CLANG_WARN_UNREACHABLE_CODE = YES;
				CLANG_WARN__DUPLICATE_METHOD_MATCH = YES;
				CODE_SIGN_IDENTITY = "";
				CODE_SIGN_STYLE = Automatic;
				COPY_PHASE_STRIP = NO;
				CURRENT_PROJECT_VERSION = 1;
				DEBUG_INFORMATION_FORMAT = "dwarf-with-dsym";
				DEFINES_MODULE = YES;
				DEVELOPMENT_TEAM = QW4F92YYB6;
				DYLIB_COMPATIBILITY_VERSION = 1;
				DYLIB_CURRENT_VERSION = 1;
				DYLIB_INSTALL_NAME_BASE = "@rpath";
				ENABLE_NS_ASSERTIONS = NO;
				ENABLE_STRICT_OBJC_MSGSEND = YES;
				FRAMEWORK_SEARCH_PATHS = (
					"$(inherited)",
					"$(PROJECT_DIR)/Carthage/Build/watchOS",
				);
				GCC_C_LANGUAGE_STANDARD = gnu11;
				GCC_NO_COMMON_BLOCKS = YES;
				GCC_WARN_64_TO_32_BIT_CONVERSION = YES;
				GCC_WARN_ABOUT_RETURN_TYPE = YES_ERROR;
				GCC_WARN_UNDECLARED_SELECTOR = YES;
				GCC_WARN_UNINITIALIZED_AUTOS = YES_AGGRESSIVE;
				GCC_WARN_UNUSED_FUNCTION = YES;
				GCC_WARN_UNUSED_VARIABLE = YES;
				INFOPLIST_FILE = "Sources/info-watchos.plist";
				INSTALL_PATH = "$(LOCAL_LIBRARY_DIR)/Frameworks";
				LD_RUNPATH_SEARCH_PATHS = (
					"$(inherited)",
					"@executable_path/Frameworks",
					"@loader_path/Frameworks",
				);
				MACOSX_DEPLOYMENT_TARGET = 10.9;
				MTL_ENABLE_DEBUG_INFO = NO;
				MTL_FAST_MATH = YES;
				PRODUCT_BUNDLE_IDENTIFIER = "com.spotify.ev3swift-watchos";
				PRODUCT_NAME = "$(PROJECT_NAME)";
				SDKROOT = watchos;
				SKIP_INSTALL = YES;
				SWIFT_COMPILATION_MODE = wholemodule;
				SWIFT_OPTIMIZATION_LEVEL = "-O";
				SWIFT_VERSION = 5.0;
				TARGETED_DEVICE_FAMILY = 4;
				VALIDATE_PRODUCT = YES;
				VERSIONING_SYSTEM = "apple-generic";
				VERSION_INFO_PREFIX = "";
				WATCHOS_DEPLOYMENT_TARGET = 2.0;
			};
			name = Release;
		};
		BAFFF16D228017FD008C95DC /* Debug */ = {
			isa = XCBuildConfiguration;
			buildSettings = {
				ALWAYS_SEARCH_USER_PATHS = NO;
				CLANG_ANALYZER_NONNULL = YES;
				CLANG_ANALYZER_NUMBER_OBJECT_CONVERSION = YES_AGGRESSIVE;
				CLANG_CXX_LANGUAGE_STANDARD = "gnu++14";
				CLANG_CXX_LIBRARY = "libc++";
				CLANG_ENABLE_MODULES = YES;
				CLANG_ENABLE_OBJC_ARC = YES;
				CLANG_ENABLE_OBJC_WEAK = YES;
				CLANG_WARN_BLOCK_CAPTURE_AUTORELEASING = YES;
				CLANG_WARN_BOOL_CONVERSION = YES;
				CLANG_WARN_COMMA = YES;
				CLANG_WARN_CONSTANT_CONVERSION = YES;
				CLANG_WARN_DEPRECATED_OBJC_IMPLEMENTATIONS = YES;
				CLANG_WARN_DIRECT_OBJC_ISA_USAGE = YES_ERROR;
				CLANG_WARN_DOCUMENTATION_COMMENTS = YES;
				CLANG_WARN_EMPTY_BODY = YES;
				CLANG_WARN_ENUM_CONVERSION = YES;
				CLANG_WARN_INFINITE_RECURSION = YES;
				CLANG_WARN_INT_CONVERSION = YES;
				CLANG_WARN_NON_LITERAL_NULL_CONVERSION = YES;
				CLANG_WARN_OBJC_IMPLICIT_RETAIN_SELF = YES;
				CLANG_WARN_OBJC_LITERAL_CONVERSION = YES;
				CLANG_WARN_OBJC_ROOT_CLASS = YES_ERROR;
				CLANG_WARN_RANGE_LOOP_ANALYSIS = YES;
				CLANG_WARN_STRICT_PROTOTYPES = YES;
				CLANG_WARN_SUSPICIOUS_MOVE = YES;
				CLANG_WARN_UNGUARDED_AVAILABILITY = YES_AGGRESSIVE;
				CLANG_WARN_UNREACHABLE_CODE = YES;
				CLANG_WARN__DUPLICATE_METHOD_MATCH = YES;
				CODE_SIGN_IDENTITY = "Mac Developer";
				CODE_SIGN_STYLE = Automatic;
				COMBINE_HIDPI_IMAGES = YES;
				COPY_PHASE_STRIP = NO;
				CURRENT_PROJECT_VERSION = 1;
				DEBUG_INFORMATION_FORMAT = dwarf;
				DEFINES_MODULE = YES;
				DEVELOPMENT_TEAM = QW4F92YYB6;
				DYLIB_COMPATIBILITY_VERSION = 1;
				DYLIB_CURRENT_VERSION = 1;
				DYLIB_INSTALL_NAME_BASE = "@rpath";
				ENABLE_STRICT_OBJC_MSGSEND = YES;
				ENABLE_TESTABILITY = YES;
				FRAMEWORK_SEARCH_PATHS = (
					"$(inherited)",
					"$(PROJECT_DIR)/Carthage/Build/Mac",
				);
				FRAMEWORK_VERSION = A;
				GCC_C_LANGUAGE_STANDARD = gnu11;
				GCC_DYNAMIC_NO_PIC = NO;
				GCC_NO_COMMON_BLOCKS = YES;
				GCC_OPTIMIZATION_LEVEL = 0;
				GCC_PREPROCESSOR_DEFINITIONS = (
					"DEBUG=1",
					"$(inherited)",
				);
				GCC_WARN_64_TO_32_BIT_CONVERSION = YES;
				GCC_WARN_ABOUT_RETURN_TYPE = YES_ERROR;
				GCC_WARN_UNDECLARED_SELECTOR = YES;
				GCC_WARN_UNINITIALIZED_AUTOS = YES_AGGRESSIVE;
				GCC_WARN_UNUSED_FUNCTION = YES;
				GCC_WARN_UNUSED_VARIABLE = YES;
				INFOPLIST_FILE = "Sources/info-osx.plist";
				INSTALL_PATH = "$(LOCAL_LIBRARY_DIR)/Frameworks";
				LD_RUNPATH_SEARCH_PATHS = (
					"$(inherited)",
					"@executable_path/../Frameworks",
					"@loader_path/Frameworks",
				);
				MACOSX_DEPLOYMENT_TARGET = 10.9;
				MTL_ENABLE_DEBUG_INFO = INCLUDE_SOURCE;
				MTL_FAST_MATH = YES;
				ONLY_ACTIVE_ARCH = YES;
				PRODUCT_BUNDLE_IDENTIFIER = "com.spotify.ev3swift-osx";
				PRODUCT_NAME = "$(PROJECT_NAME)";
				SDKROOT = macosx;
				SKIP_INSTALL = YES;
				SWIFT_ACTIVE_COMPILATION_CONDITIONS = DEBUG;
				SWIFT_OPTIMIZATION_LEVEL = "-Onone";
				SWIFT_VERSION = 5.0;
				VERSIONING_SYSTEM = "apple-generic";
				VERSION_INFO_PREFIX = "";
			};
			name = Debug;
		};
		BAFFF16E228017FD008C95DC /* Release */ = {
			isa = XCBuildConfiguration;
			buildSettings = {
				ALWAYS_SEARCH_USER_PATHS = NO;
				CLANG_ANALYZER_NONNULL = YES;
				CLANG_ANALYZER_NUMBER_OBJECT_CONVERSION = YES_AGGRESSIVE;
				CLANG_CXX_LANGUAGE_STANDARD = "gnu++14";
				CLANG_CXX_LIBRARY = "libc++";
				CLANG_ENABLE_MODULES = YES;
				CLANG_ENABLE_OBJC_ARC = YES;
				CLANG_ENABLE_OBJC_WEAK = YES;
				CLANG_WARN_BLOCK_CAPTURE_AUTORELEASING = YES;
				CLANG_WARN_BOOL_CONVERSION = YES;
				CLANG_WARN_COMMA = YES;
				CLANG_WARN_CONSTANT_CONVERSION = YES;
				CLANG_WARN_DEPRECATED_OBJC_IMPLEMENTATIONS = YES;
				CLANG_WARN_DIRECT_OBJC_ISA_USAGE = YES_ERROR;
				CLANG_WARN_DOCUMENTATION_COMMENTS = YES;
				CLANG_WARN_EMPTY_BODY = YES;
				CLANG_WARN_ENUM_CONVERSION = YES;
				CLANG_WARN_INFINITE_RECURSION = YES;
				CLANG_WARN_INT_CONVERSION = YES;
				CLANG_WARN_NON_LITERAL_NULL_CONVERSION = YES;
				CLANG_WARN_OBJC_IMPLICIT_RETAIN_SELF = YES;
				CLANG_WARN_OBJC_LITERAL_CONVERSION = YES;
				CLANG_WARN_OBJC_ROOT_CLASS = YES_ERROR;
				CLANG_WARN_RANGE_LOOP_ANALYSIS = YES;
				CLANG_WARN_STRICT_PROTOTYPES = YES;
				CLANG_WARN_SUSPICIOUS_MOVE = YES;
				CLANG_WARN_UNGUARDED_AVAILABILITY = YES_AGGRESSIVE;
				CLANG_WARN_UNREACHABLE_CODE = YES;
				CLANG_WARN__DUPLICATE_METHOD_MATCH = YES;
				CODE_SIGN_IDENTITY = "Mac Developer";
				CODE_SIGN_STYLE = Automatic;
				COMBINE_HIDPI_IMAGES = YES;
				COPY_PHASE_STRIP = NO;
				CURRENT_PROJECT_VERSION = 1;
				DEBUG_INFORMATION_FORMAT = "dwarf-with-dsym";
				DEFINES_MODULE = YES;
				DEVELOPMENT_TEAM = QW4F92YYB6;
				DYLIB_COMPATIBILITY_VERSION = 1;
				DYLIB_CURRENT_VERSION = 1;
				DYLIB_INSTALL_NAME_BASE = "@rpath";
				ENABLE_NS_ASSERTIONS = NO;
				ENABLE_STRICT_OBJC_MSGSEND = YES;
				FRAMEWORK_SEARCH_PATHS = (
					"$(inherited)",
					"$(PROJECT_DIR)/Carthage/Build/Mac",
				);
				FRAMEWORK_VERSION = A;
				GCC_C_LANGUAGE_STANDARD = gnu11;
				GCC_NO_COMMON_BLOCKS = YES;
				GCC_WARN_64_TO_32_BIT_CONVERSION = YES;
				GCC_WARN_ABOUT_RETURN_TYPE = YES_ERROR;
				GCC_WARN_UNDECLARED_SELECTOR = YES;
				GCC_WARN_UNINITIALIZED_AUTOS = YES_AGGRESSIVE;
				GCC_WARN_UNUSED_FUNCTION = YES;
				GCC_WARN_UNUSED_VARIABLE = YES;
				INFOPLIST_FILE = "Sources/info-osx.plist";
				INSTALL_PATH = "$(LOCAL_LIBRARY_DIR)/Frameworks";
				LD_RUNPATH_SEARCH_PATHS = (
					"$(inherited)",
					"@executable_path/../Frameworks",
					"@loader_path/Frameworks",
				);
				MACOSX_DEPLOYMENT_TARGET = 10.9;
				MTL_ENABLE_DEBUG_INFO = NO;
				MTL_FAST_MATH = YES;
				PRODUCT_BUNDLE_IDENTIFIER = "com.spotify.ev3swift-osx";
				PRODUCT_NAME = "$(PROJECT_NAME)";
				SDKROOT = macosx;
				SKIP_INSTALL = YES;
				SWIFT_COMPILATION_MODE = wholemodule;
				SWIFT_OPTIMIZATION_LEVEL = "-O";
				SWIFT_VERSION = 5.0;
				VERSIONING_SYSTEM = "apple-generic";
				VERSION_INFO_PREFIX = "";
			};
			name = Release;
		};
/* End XCBuildConfiguration section */

/* Begin XCConfigurationList section */
		BAFFF144228012BA008C95DC /* Build configuration list for PBXProject "ev3swift" */ = {
			isa = XCConfigurationList;
			buildConfigurations = (
				BAFFF145228012BA008C95DC /* Debug */,
				BAFFF146228012BA008C95DC /* Release */,
			);
			defaultConfigurationIsVisible = 0;
			defaultConfigurationName = Release;
		};
		BAFFF15422801782008C95DC /* Build configuration list for PBXNativeTarget "ev3swift-ios" */ = {
			isa = XCConfigurationList;
			buildConfigurations = (
				BAFFF15222801782008C95DC /* Debug */,
				BAFFF15322801782008C95DC /* Release */,
			);
			defaultConfigurationIsVisible = 0;
			defaultConfigurationName = Release;
		};
		BAFFF15F228017B1008C95DC /* Build configuration list for PBXNativeTarget "ev3swift-watchos" */ = {
			isa = XCConfigurationList;
			buildConfigurations = (
				BAFFF160228017B1008C95DC /* Debug */,
				BAFFF161228017B1008C95DC /* Release */,
			);
			defaultConfigurationIsVisible = 0;
			defaultConfigurationName = Release;
		};
		BAFFF16C228017FD008C95DC /* Build configuration list for PBXNativeTarget "ev3swift-osx" */ = {
			isa = XCConfigurationList;
			buildConfigurations = (
				BAFFF16D228017FD008C95DC /* Debug */,
				BAFFF16E228017FD008C95DC /* Release */,
			);
			defaultConfigurationIsVisible = 0;
			defaultConfigurationName = Release;
		};
/* End XCConfigurationList section */
	};
	rootObject = BAFFF141228012BA008C95DC /* Project object */;
}
